
Microsoft Visual Studio Solution File, Format Version 12.00
# Visual Studio 14
VisualStudioVersion = 14.0.24720.0
MinimumVisualStudioVersion = 10.0.40219.1
Project("{FAE04EC0-301F-11D3-BF4B-00C04F79EFBC}") = "Samples", "Samples\Samples.csproj", "{400F7F35-7034-41B6-80CD-F5F916BD039C}"
EndProject
Project("{2150E333-8FDC-42A3-9474-1A3956D46DE8}") = "SharedLibs", "SharedLibs", "{2112D5F0-2A44-46CA-9319-A5F827FB13E4}"
EndProject
Project("{FAE04EC0-301F-11D3-BF4B-00C04F79EFBC}") = "X.UI.EffectLayer", "..\SharedLibs\X.UI.EffectLayer\X.UI.EffectLayer.csproj", "{5470D5D0-10CB-4D3D-8026-0A49254A21BE}"
EndProject
Project("{FAE04EC0-301F-11D3-BF4B-00C04F79EFBC}") = "X.UI.LiteDataGrid", "..\SharedLibs\X.UI.LiteDataGrid\X.UI.LiteDataGrid.csproj", "{DBAFFCC8-1AC5-4A13-8CD8-57A3D1D4E243}"
EndProject
Project("{FAE04EC0-301F-11D3-BF4B-00C04F79EFBC}") = "X.UI.LiteTab", "..\SharedLibs\X.UI.LiteTab\X.UI.LiteTab.csproj", "{7564864B-E139-42A3-B53F-0714D118EDAE}"
EndProject
Project("{FAE04EC0-301F-11D3-BF4B-00C04F79EFBC}") = "X.UI.Path", "..\SharedLibs\X.UI.Path\X.UI.Path.csproj", "{9DA51EF4-2DAE-40D8-92EC-CC81162669DF}"
EndProject
Project("{FAE04EC0-301F-11D3-BF4B-00C04F79EFBC}") = "X.UI.RichButton", "..\SharedLibs\X.UI.RichButton\X.UI.RichButton.csproj", "{9E6A2F9C-A1F8-4D56-AF2B-CB323A841E2E}"
EndProject
Project("{FAE04EC0-301F-11D3-BF4B-00C04F79EFBC}") = "X.UI.RichInput", "..\SharedLibs\X.UI.RichInput\X.UI.RichInput.csproj", "{1DDC0313-F305-4091-AD21-2B3D99BB5550}"
EndProject
Global
	GlobalSection(SolutionConfigurationPlatforms) = preSolution
		Debug|Any CPU = Debug|Any CPU
		Debug|ARM = Debug|ARM
		Debug|x64 = Debug|x64
		Debug|x86 = Debug|x86
		Release|Any CPU = Release|Any CPU
		Release|ARM = Release|ARM
		Release|x64 = Release|x64
		Release|x86 = Release|x86
	EndGlobalSection
	GlobalSection(ProjectConfigurationPlatforms) = postSolution
		{400F7F35-7034-41B6-80CD-F5F916BD039C}.Debug|Any CPU.ActiveCfg = Debug|x86
		{400F7F35-7034-41B6-80CD-F5F916BD039C}.Debug|ARM.ActiveCfg = Debug|ARM
		{400F7F35-7034-41B6-80CD-F5F916BD039C}.Debug|ARM.Build.0 = Debug|ARM
		{400F7F35-7034-41B6-80CD-F5F916BD039C}.Debug|ARM.Deploy.0 = Debug|ARM
		{400F7F35-7034-41B6-80CD-F5F916BD039C}.Debug|x64.ActiveCfg = Debug|x64
		{400F7F35-7034-41B6-80CD-F5F916BD039C}.Debug|x64.Build.0 = Debug|x64
		{400F7F35-7034-41B6-80CD-F5F916BD039C}.Debug|x64.Deploy.0 = Debug|x64
		{400F7F35-7034-41B6-80CD-F5F916BD039C}.Debug|x86.ActiveCfg = Debug|x86
		{400F7F35-7034-41B6-80CD-F5F916BD039C}.Debug|x86.Build.0 = Debug|x86
		{400F7F35-7034-41B6-80CD-F5F916BD039C}.Debug|x86.Deploy.0 = Debug|x86
		{400F7F35-7034-41B6-80CD-F5F916BD039C}.Release|Any CPU.ActiveCfg = Release|x86
		{400F7F35-7034-41B6-80CD-F5F916BD039C}.Release|ARM.ActiveCfg = Release|ARM
		{400F7F35-7034-41B6-80CD-F5F916BD039C}.Release|ARM.Build.0 = Release|ARM
		{400F7F35-7034-41B6-80CD-F5F916BD039C}.Release|ARM.Deploy.0 = Release|ARM
		{400F7F35-7034-41B6-80CD-F5F916BD039C}.Release|x64.ActiveCfg = Release|x64
		{400F7F35-7034-41B6-80CD-F5F916BD039C}.Release|x64.Build.0 = Release|x64
		{400F7F35-7034-41B6-80CD-F5F916BD039C}.Release|x64.Deploy.0 = Release|x64
		{400F7F35-7034-41B6-80CD-F5F916BD039C}.Release|x86.ActiveCfg = Release|x86
		{400F7F35-7034-41B6-80CD-F5F916BD039C}.Release|x86.Build.0 = Release|x86
		{400F7F35-7034-41B6-80CD-F5F916BD039C}.Release|x86.Deploy.0 = Release|x86
		{5470D5D0-10CB-4D3D-8026-0A49254A21BE}.Debug|Any CPU.ActiveCfg = Debug|Any CPU
		{5470D5D0-10CB-4D3D-8026-0A49254A21BE}.Debug|Any CPU.Build.0 = Debug|Any CPU
		{5470D5D0-10CB-4D3D-8026-0A49254A21BE}.Debug|ARM.ActiveCfg = Debug|ARM
		{5470D5D0-10CB-4D3D-8026-0A49254A21BE}.Debug|ARM.Build.0 = Debug|ARM
		{5470D5D0-10CB-4D3D-8026-0A49254A21BE}.Debug|x64.ActiveCfg = Debug|x64
		{5470D5D0-10CB-4D3D-8026-0A49254A21BE}.Debug|x64.Build.0 = Debug|x64
		{5470D5D0-10CB-4D3D-8026-0A49254A21BE}.Debug|x86.ActiveCfg = Debug|x86
		{5470D5D0-10CB-4D3D-8026-0A49254A21BE}.Debug|x86.Build.0 = Debug|x86
		{5470D5D0-10CB-4D3D-8026-0A49254A21BE}.Release|Any CPU.ActiveCfg = Release|Any CPU
		{5470D5D0-10CB-4D3D-8026-0A49254A21BE}.Release|Any CPU.Build.0 = Release|Any CPU
		{5470D5D0-10CB-4D3D-8026-0A49254A21BE}.Release|ARM.ActiveCfg = Release|ARM
		{5470D5D0-10CB-4D3D-8026-0A49254A21BE}.Release|ARM.Build.0 = Release|ARM
		{5470D5D0-10CB-4D3D-8026-0A49254A21BE}.Release|x64.ActiveCfg = Release|x64
		{5470D5D0-10CB-4D3D-8026-0A49254A21BE}.Release|x64.Build.0 = Release|x64
		{5470D5D0-10CB-4D3D-8026-0A49254A21BE}.Release|x86.ActiveCfg = Release|x86
		{5470D5D0-10CB-4D3D-8026-0A49254A21BE}.Release|x86.Build.0 = Release|x86
		{DBAFFCC8-1AC5-4A13-8CD8-57A3D1D4E243}.Debug|Any CPU.ActiveCfg = Debug|Any CPU
		{DBAFFCC8-1AC5-4A13-8CD8-57A3D1D4E243}.Debug|Any CPU.Build.0 = Debug|Any CPU
		{DBAFFCC8-1AC5-4A13-8CD8-57A3D1D4E243}.Debug|ARM.ActiveCfg = Debug|ARM
		{DBAFFCC8-1AC5-4A13-8CD8-57A3D1D4E243}.Debug|ARM.Build.0 = Debug|ARM
		{DBAFFCC8-1AC5-4A13-8CD8-57A3D1D4E243}.Debug|x64.ActiveCfg = Debug|x64
		{DBAFFCC8-1AC5-4A13-8CD8-57A3D1D4E243}.Debug|x64.Build.0 = Debug|x64
		{DBAFFCC8-1AC5-4A13-8CD8-57A3D1D4E243}.Debug|x86.ActiveCfg = Debug|x86
		{DBAFFCC8-1AC5-4A13-8CD8-57A3D1D4E243}.Debug|x86.Build.0 = Debug|x86
		{DBAFFCC8-1AC5-4A13-8CD8-57A3D1D4E243}.Release|Any CPU.ActiveCfg = Release|Any CPU
		{DBAFFCC8-1AC5-4A13-8CD8-57A3D1D4E243}.Release|Any CPU.Build.0 = Release|Any CPU
		{DBAFFCC8-1AC5-4A13-8CD8-57A3D1D4E243}.Release|ARM.ActiveCfg = Release|ARM
		{DBAFFCC8-1AC5-4A13-8CD8-57A3D1D4E243}.Release|ARM.Build.0 = Release|ARM
		{DBAFFCC8-1AC5-4A13-8CD8-57A3D1D4E243}.Release|x64.ActiveCfg = Release|x64
		{DBAFFCC8-1AC5-4A13-8CD8-57A3D1D4E243}.Release|x64.Build.0 = Release|x64
		{DBAFFCC8-1AC5-4A13-8CD8-57A3D1D4E243}.Release|x86.ActiveCfg = Release|x86
		{DBAFFCC8-1AC5-4A13-8CD8-57A3D1D4E243}.Release|x86.Build.0 = Release|x86
		{7564864B-E139-42A3-B53F-0714D118EDAE}.Debug|Any CPU.ActiveCfg = Debug|Any CPU
		{7564864B-E139-42A3-B53F-0714D118EDAE}.Debug|Any CPU.Build.0 = Debug|Any CPU
		{7564864B-E139-42A3-B53F-0714D118EDAE}.Debug|ARM.ActiveCfg = Debug|ARM
		{7564864B-E139-42A3-B53F-0714D118EDAE}.Debug|ARM.Build.0 = Debug|ARM
		{7564864B-E139-42A3-B53F-0714D118EDAE}.Debug|x64.ActiveCfg = Debug|x64
		{7564864B-E139-42A3-B53F-0714D118EDAE}.Debug|x64.Build.0 = Debug|x64
		{7564864B-E139-42A3-B53F-0714D118EDAE}.Debug|x86.ActiveCfg = Debug|x86
		{7564864B-E139-42A3-B53F-0714D118EDAE}.Debug|x86.Build.0 = Debug|x86
		{7564864B-E139-42A3-B53F-0714D118EDAE}.Release|Any CPU.ActiveCfg = Release|Any CPU
		{7564864B-E139-42A3-B53F-0714D118EDAE}.Release|Any CPU.Build.0 = Release|Any CPU
		{7564864B-E139-42A3-B53F-0714D118EDAE}.Release|ARM.ActiveCfg = Release|ARM
		{7564864B-E139-42A3-B53F-0714D118EDAE}.Release|ARM.Build.0 = Release|ARM
		{7564864B-E139-42A3-B53F-0714D118EDAE}.Release|x64.ActiveCfg = Release|x64
		{7564864B-E139-42A3-B53F-0714D118EDAE}.Release|x64.Build.0 = Release|x64
		{7564864B-E139-42A3-B53F-0714D118EDAE}.Release|x86.ActiveCfg = Release|x86
		{7564864B-E139-42A3-B53F-0714D118EDAE}.Release|x86.Build.0 = Release|x86
		{9DA51EF4-2DAE-40D8-92EC-CC81162669DF}.Debug|Any CPU.ActiveCfg = Debug|Any CPU
		{9DA51EF4-2DAE-40D8-92EC-CC81162669DF}.Debug|Any CPU.Build.0 = Debug|Any CPU
		{9DA51EF4-2DAE-40D8-92EC-CC81162669DF}.Debug|ARM.ActiveCfg = Debug|ARM
		{9DA51EF4-2DAE-40D8-92EC-CC81162669DF}.Debug|ARM.Build.0 = Debug|ARM
		{9DA51EF4-2DAE-40D8-92EC-CC81162669DF}.Debug|x64.ActiveCfg = Debug|x64
		{9DA51EF4-2DAE-40D8-92EC-CC81162669DF}.Debug|x64.Build.0 = Debug|x64
		{9DA51EF4-2DAE-40D8-92EC-CC81162669DF}.Debug|x86.ActiveCfg = Debug|x86
		{9DA51EF4-2DAE-40D8-92EC-CC81162669DF}.Debug|x86.Build.0 = Debug|x86
		{9DA51EF4-2DAE-40D8-92EC-CC81162669DF}.Release|Any CPU.ActiveCfg = Release|Any CPU
		{9DA51EF4-2DAE-40D8-92EC-CC81162669DF}.Release|Any CPU.Build.0 = Release|Any CPU
		{9DA51EF4-2DAE-40D8-92EC-CC81162669DF}.Release|ARM.ActiveCfg = Release|ARM
		{9DA51EF4-2DAE-40D8-92EC-CC81162669DF}.Release|ARM.Build.0 = Release|ARM
		{9DA51EF4-2DAE-40D8-92EC-CC81162669DF}.Release|x64.ActiveCfg = Release|x64
		{9DA51EF4-2DAE-40D8-92EC-CC81162669DF}.Release|x64.Build.0 = Release|x64
		{9DA51EF4-2DAE-40D8-92EC-CC81162669DF}.Release|x86.ActiveCfg = Release|x86
		{9DA51EF4-2DAE-40D8-92EC-CC81162669DF}.Release|x86.Build.0 = Release|x86
		{9E6A2F9C-A1F8-4D56-AF2B-CB323A841E2E}.Debug|Any CPU.ActiveCfg = Debug|Any CPU
		{9E6A2F9C-A1F8-4D56-AF2B-CB323A841E2E}.Debug|Any CPU.Build.0 = Debug|Any CPU
		{9E6A2F9C-A1F8-4D56-AF2B-CB323A841E2E}.Debug|ARM.ActiveCfg = Debug|ARM
		{9E6A2F9C-A1F8-4D56-AF2B-CB323A841E2E}.Debug|ARM.Build.0 = Debug|ARM
		{9E6A2F9C-A1F8-4D56-AF2B-CB323A841E2E}.Debug|x64.ActiveCfg = Debug|x64
		{9E6A2F9C-A1F8-4D56-AF2B-CB323A841E2E}.Debug|x64.Build.0 = Debug|x64
		{9E6A2F9C-A1F8-4D56-AF2B-CB323A841E2E}.Debug|x86.ActiveCfg = Debug|x86
		{9E6A2F9C-A1F8-4D56-AF2B-CB323A841E2E}.Debug|x86.Build.0 = Debug|x86
		{9E6A2F9C-A1F8-4D56-AF2B-CB323A841E2E}.Release|Any CPU.ActiveCfg = Release|Any CPU
		{9E6A2F9C-A1F8-4D56-AF2B-CB323A841E2E}.Release|Any CPU.Build.0 = Release|Any CPU
		{9E6A2F9C-A1F8-4D56-AF2B-CB323A841E2E}.Release|ARM.ActiveCfg = Release|ARM
		{9E6A2F9C-A1F8-4D56-AF2B-CB323A841E2E}.Release|ARM.Build.0 = Release|ARM
		{9E6A2F9C-A1F8-4D56-AF2B-CB323A841E2E}.Release|x64.ActiveCfg = Release|x64
		{9E6A2F9C-A1F8-4D56-AF2B-CB323A841E2E}.Release|x64.Build.0 = Release|x64
		{9E6A2F9C-A1F8-4D56-AF2B-CB323A841E2E}.Release|x86.ActiveCfg = Release|x86
		{9E6A2F9C-A1F8-4D56-AF2B-CB323A841E2E}.Release|x86.Build.0 = Release|x86
		{1DDC0313-F305-4091-AD21-2B3D99BB5550}.Debug|Any CPU.ActiveCfg = Debug|Any CPU
		{1DDC0313-F305-4091-AD21-2B3D99BB5550}.Debug|Any CPU.Build.0 = Debug|Any CPU
		{1DDC0313-F305-4091-AD21-2B3D99BB5550}.Debug|ARM.ActiveCfg = Debug|ARM
		{1DDC0313-F305-4091-AD21-2B3D99BB5550}.Debug|ARM.Build.0 = Debug|ARM
		{1DDC0313-F305-4091-AD21-2B3D99BB5550}.Debug|x64.ActiveCfg = Debug|x64
		{1DDC0313-F305-4091-AD21-2B3D99BB5550}.Debug|x64.Build.0 = Debug|x64
		{1DDC0313-F305-4091-AD21-2B3D99BB5550}.Debug|x86.ActiveCfg = Debug|x86
		{1DDC0313-F305-4091-AD21-2B3D99BB5550}.Debug|x86.Build.0 = Debug|x86
		{1DDC0313-F305-4091-AD21-2B3D99BB5550}.Release|Any CPU.ActiveCfg = Release|Any CPU
		{1DDC0313-F305-4091-AD21-2B3D99BB5550}.Release|Any CPU.Build.0 = Release|Any CPU
		{1DDC0313-F305-4091-AD21-2B3D99BB5550}.Release|ARM.ActiveCfg = Release|ARM
		{1DDC0313-F305-4091-AD21-2B3D99BB5550}.Release|ARM.Build.0 = Release|ARM
		{1DDC0313-F305-4091-AD21-2B3D99BB5550}.Release|x64.ActiveCfg = Release|x64
		{1DDC0313-F305-4091-AD21-2B3D99BB5550}.Release|x64.Build.0 = Release|x64
		{1DDC0313-F305-4091-AD21-2B3D99BB5550}.Release|x86.ActiveCfg = Release|x86
		{1DDC0313-F305-4091-AD21-2B3D99BB5550}.Release|x86.Build.0 = Release|x86
	EndGlobalSection
	GlobalSection(SolutionProperties) = preSolution
		HideSolutionNode = FALSE
	EndGlobalSection
	GlobalSection(NestedProjects) = preSolution
		{5470D5D0-10CB-4D3D-8026-0A49254A21BE} = {2112D5F0-2A44-46CA-9319-A5F827FB13E4}
		{DBAFFCC8-1AC5-4A13-8CD8-57A3D1D4E243} = {2112D5F0-2A44-46CA-9319-A5F827FB13E4}
		{7564864B-E139-42A3-B53F-0714D118EDAE} = {2112D5F0-2A44-46CA-9319-A5F827FB13E4}
		{9DA51EF4-2DAE-40D8-92EC-CC81162669DF} = {2112D5F0-2A44-46CA-9319-A5F827FB13E4}
		{9E6A2F9C-A1F8-4D56-AF2B-CB323A841E2E} = {2112D5F0-2A44-46CA-9319-A5F827FB13E4}
		{1DDC0313-F305-4091-AD21-2B3D99BB5550} = {2112D5F0-2A44-46CA-9319-A5F827FB13E4}
	EndGlobalSection
EndGlobal
