
Microsoft Visual Studio Solution File, Format Version 12.00
# Visual Studio 14
VisualStudioVersion = 14.0.24720.0
MinimumVisualStudioVersion = 10.0.40219.1
Project("{FAE04EC0-301F-11D3-BF4B-00C04F79EFBC}") = "Samples", "Samples\Samples.csproj", "{400F7F35-7034-41B6-80CD-F5F916BD039C}"
EndProject
Project("{2150E333-8FDC-42A3-9474-1A3956D46DE8}") = "SharedLibs", "SharedLibs", "{2112D5F0-2A44-46CA-9319-A5F827FB13E4}"
EndProject
Project("{FAE04EC0-301F-11D3-BF4B-00C04F79EFBC}") = "X.UI.EffectLayer", "..\SharedLibs\X.UI.EffectLayer\X.UI.EffectLayer.csproj", "{5470D5D0-10CB-4D3D-8026-0A49254A21BE}"
EndProject
Project("{FAE04EC0-301F-11D3-BF4B-00C04F79EFBC}") = "X.UI.LiteDataGrid", "..\SharedLibs\X.UI.LiteDataGrid\X.UI.LiteDataGrid.csproj", "{DBAFFCC8-1AC5-4A13-8CD8-57A3D1D4E243}"
EndProject
Project("{FAE04EC0-301F-11D3-BF4B-00C04F79EFBC}") = "X.UI.LiteTab", "..\SharedLibs\X.UI.LiteTab\X.UI.LiteTab.csproj", "{7564864B-E139-42A3-B53F-0714D118EDAE}"
EndProject
Project("{FAE04EC0-301F-11D3-BF4B-00C04F79EFBC}") = "X.UI.Path", "..\SharedLibs\X.UI.Path\X.UI.Path.csproj", "{9DA51EF4-2DAE-40D8-92EC-CC81162669DF}"
EndProject
Project("{FAE04EC0-301F-11D3-BF4B-00C04F79EFBC}") = "X.UI.RichButton", "..\SharedLibs\X.UI.RichButton\X.UI.RichButton.csproj", "{9E6A2F9C-A1F8-4D56-AF2B-CB323A841E2E}"
EndProject
Project("{FAE04EC0-301F-11D3-BF4B-00C04F79EFBC}") = "X.UI.RichInput", "..\SharedLibs\X.UI.RichInput\X.UI.RichInput.csproj", "{1DDC0313-F305-4091-AD21-2B3D99BB5550}"
EndProject
Project("{FAE04EC0-301F-11D3-BF4B-00C04F79EFBC}") = "X.UI.UserCard", "..\SharedLibs\X.UI.UserCard\X.UI.UserCard.csproj", "{5020EC7C-3018-4AF2-9481-8B0EFE491170}"
EndProject
Project("{FAE04EC0-301F-11D3-BF4B-00C04F79EFBC}") = "X.UI.Chrome", "..\SharedLibs\X.UI.Chrome\X.UI.Chrome.csproj", "{5EBC59CA-877F-4446-8D8B-7A18B1FFD3DD}"
EndProject
Project("{FAE04EC0-301F-11D3-BF4B-00C04F79EFBC}") = "X.UI.RichScrollViewer", "..\SharedLibs\X.UI.RichScrollViewer\X.UI.RichScrollViewer.csproj", "{EF4B51C0-F174-4799-9D52-8957B86BD9B9}"
EndProject
Project("{FAE04EC0-301F-11D3-BF4B-00C04F79EFBC}") = "X.UI.RichTab", "..\SharedLibs\X.UI.RichTab\X.UI.RichTab.csproj", "{1F02DC50-9FBB-49AB-968A-DB4A5E09006D}"
EndProject
Project("{FAE04EC0-301F-11D3-BF4B-00C04F79EFBC}") = "X.UI.Toolbar", "..\SharedLibs\X.UI.Toolbar\X.UI.Toolbar.csproj", "{3D1B671C-1CD1-424E-BFEA-14C28B0F1938}"
EndProject
Global
	GlobalSection(SolutionConfigurationPlatforms) = preSolution
		Ad-Hoc|Any CPU = Ad-Hoc|Any CPU
		Ad-Hoc|ARM = Ad-Hoc|ARM
		Ad-Hoc|iPhone = Ad-Hoc|iPhone
		Ad-Hoc|iPhoneSimulator = Ad-Hoc|iPhoneSimulator
		Ad-Hoc|x64 = Ad-Hoc|x64
		Ad-Hoc|x86 = Ad-Hoc|x86
		AppStore|Any CPU = AppStore|Any CPU
		AppStore|ARM = AppStore|ARM
		AppStore|iPhone = AppStore|iPhone
		AppStore|iPhoneSimulator = AppStore|iPhoneSimulator
		AppStore|x64 = AppStore|x64
		AppStore|x86 = AppStore|x86
		Debug|Any CPU = Debug|Any CPU
		Debug|ARM = Debug|ARM
		Debug|iPhone = Debug|iPhone
		Debug|iPhoneSimulator = Debug|iPhoneSimulator
		Debug|x64 = Debug|x64
		Debug|x86 = Debug|x86
		Release|Any CPU = Release|Any CPU
		Release|ARM = Release|ARM
		Release|iPhone = Release|iPhone
		Release|iPhoneSimulator = Release|iPhoneSimulator
		Release|x64 = Release|x64
		Release|x86 = Release|x86
	EndGlobalSection
	GlobalSection(ProjectConfigurationPlatforms) = postSolution
		{400F7F35-7034-41B6-80CD-F5F916BD039C}.Ad-Hoc|Any CPU.ActiveCfg = Release|x64
		{400F7F35-7034-41B6-80CD-F5F916BD039C}.Ad-Hoc|Any CPU.Build.0 = Release|x64
		{400F7F35-7034-41B6-80CD-F5F916BD039C}.Ad-Hoc|Any CPU.Deploy.0 = Release|x64
		{400F7F35-7034-41B6-80CD-F5F916BD039C}.Ad-Hoc|ARM.ActiveCfg = Release|ARM
		{400F7F35-7034-41B6-80CD-F5F916BD039C}.Ad-Hoc|ARM.Build.0 = Release|ARM
		{400F7F35-7034-41B6-80CD-F5F916BD039C}.Ad-Hoc|ARM.Deploy.0 = Release|ARM
		{400F7F35-7034-41B6-80CD-F5F916BD039C}.Ad-Hoc|iPhone.ActiveCfg = Release|x64
		{400F7F35-7034-41B6-80CD-F5F916BD039C}.Ad-Hoc|iPhone.Build.0 = Release|x64
		{400F7F35-7034-41B6-80CD-F5F916BD039C}.Ad-Hoc|iPhone.Deploy.0 = Release|x64
		{400F7F35-7034-41B6-80CD-F5F916BD039C}.Ad-Hoc|iPhoneSimulator.ActiveCfg = Release|x64
		{400F7F35-7034-41B6-80CD-F5F916BD039C}.Ad-Hoc|iPhoneSimulator.Build.0 = Release|x64
		{400F7F35-7034-41B6-80CD-F5F916BD039C}.Ad-Hoc|iPhoneSimulator.Deploy.0 = Release|x64
		{400F7F35-7034-41B6-80CD-F5F916BD039C}.Ad-Hoc|x64.ActiveCfg = Release|x64
		{400F7F35-7034-41B6-80CD-F5F916BD039C}.Ad-Hoc|x64.Build.0 = Release|x64
		{400F7F35-7034-41B6-80CD-F5F916BD039C}.Ad-Hoc|x64.Deploy.0 = Release|x64
		{400F7F35-7034-41B6-80CD-F5F916BD039C}.Ad-Hoc|x86.ActiveCfg = Release|x86
		{400F7F35-7034-41B6-80CD-F5F916BD039C}.Ad-Hoc|x86.Build.0 = Release|x86
		{400F7F35-7034-41B6-80CD-F5F916BD039C}.Ad-Hoc|x86.Deploy.0 = Release|x86
		{400F7F35-7034-41B6-80CD-F5F916BD039C}.AppStore|Any CPU.ActiveCfg = Release|x64
		{400F7F35-7034-41B6-80CD-F5F916BD039C}.AppStore|Any CPU.Build.0 = Release|x64
		{400F7F35-7034-41B6-80CD-F5F916BD039C}.AppStore|Any CPU.Deploy.0 = Release|x64
		{400F7F35-7034-41B6-80CD-F5F916BD039C}.AppStore|ARM.ActiveCfg = Release|ARM
		{400F7F35-7034-41B6-80CD-F5F916BD039C}.AppStore|ARM.Build.0 = Release|ARM
		{400F7F35-7034-41B6-80CD-F5F916BD039C}.AppStore|ARM.Deploy.0 = Release|ARM
		{400F7F35-7034-41B6-80CD-F5F916BD039C}.AppStore|iPhone.ActiveCfg = Release|x64
		{400F7F35-7034-41B6-80CD-F5F916BD039C}.AppStore|iPhone.Build.0 = Release|x64
		{400F7F35-7034-41B6-80CD-F5F916BD039C}.AppStore|iPhone.Deploy.0 = Release|x64
		{400F7F35-7034-41B6-80CD-F5F916BD039C}.AppStore|iPhoneSimulator.ActiveCfg = Release|x64
		{400F7F35-7034-41B6-80CD-F5F916BD039C}.AppStore|iPhoneSimulator.Build.0 = Release|x64
		{400F7F35-7034-41B6-80CD-F5F916BD039C}.AppStore|iPhoneSimulator.Deploy.0 = Release|x64
		{400F7F35-7034-41B6-80CD-F5F916BD039C}.AppStore|x64.ActiveCfg = Release|x64
		{400F7F35-7034-41B6-80CD-F5F916BD039C}.AppStore|x64.Build.0 = Release|x64
		{400F7F35-7034-41B6-80CD-F5F916BD039C}.AppStore|x64.Deploy.0 = Release|x64
		{400F7F35-7034-41B6-80CD-F5F916BD039C}.AppStore|x86.ActiveCfg = Release|x86
		{400F7F35-7034-41B6-80CD-F5F916BD039C}.AppStore|x86.Build.0 = Release|x86
		{400F7F35-7034-41B6-80CD-F5F916BD039C}.AppStore|x86.Deploy.0 = Release|x86
		{400F7F35-7034-41B6-80CD-F5F916BD039C}.Debug|Any CPU.ActiveCfg = Debug|x86
		{400F7F35-7034-41B6-80CD-F5F916BD039C}.Debug|ARM.ActiveCfg = Debug|ARM
		{400F7F35-7034-41B6-80CD-F5F916BD039C}.Debug|ARM.Build.0 = Debug|ARM
		{400F7F35-7034-41B6-80CD-F5F916BD039C}.Debug|ARM.Deploy.0 = Debug|ARM
		{400F7F35-7034-41B6-80CD-F5F916BD039C}.Debug|iPhone.ActiveCfg = Debug|x86
		{400F7F35-7034-41B6-80CD-F5F916BD039C}.Debug|iPhoneSimulator.ActiveCfg = Debug|x86
		{400F7F35-7034-41B6-80CD-F5F916BD039C}.Debug|x64.ActiveCfg = Debug|x64
		{400F7F35-7034-41B6-80CD-F5F916BD039C}.Debug|x64.Build.0 = Debug|x64
		{400F7F35-7034-41B6-80CD-F5F916BD039C}.Debug|x64.Deploy.0 = Debug|x64
		{400F7F35-7034-41B6-80CD-F5F916BD039C}.Debug|x86.ActiveCfg = Debug|x86
		{400F7F35-7034-41B6-80CD-F5F916BD039C}.Debug|x86.Build.0 = Debug|x86
		{400F7F35-7034-41B6-80CD-F5F916BD039C}.Debug|x86.Deploy.0 = Debug|x86
		{400F7F35-7034-41B6-80CD-F5F916BD039C}.Release|Any CPU.ActiveCfg = Release|x86
		{400F7F35-7034-41B6-80CD-F5F916BD039C}.Release|ARM.ActiveCfg = Release|ARM
		{400F7F35-7034-41B6-80CD-F5F916BD039C}.Release|ARM.Build.0 = Release|ARM
		{400F7F35-7034-41B6-80CD-F5F916BD039C}.Release|ARM.Deploy.0 = Release|ARM
		{400F7F35-7034-41B6-80CD-F5F916BD039C}.Release|iPhone.ActiveCfg = Release|x86
		{400F7F35-7034-41B6-80CD-F5F916BD039C}.Release|iPhoneSimulator.ActiveCfg = Release|x86
		{400F7F35-7034-41B6-80CD-F5F916BD039C}.Release|x64.ActiveCfg = Release|x64
		{400F7F35-7034-41B6-80CD-F5F916BD039C}.Release|x64.Build.0 = Release|x64
		{400F7F35-7034-41B6-80CD-F5F916BD039C}.Release|x64.Deploy.0 = Release|x64
		{400F7F35-7034-41B6-80CD-F5F916BD039C}.Release|x86.ActiveCfg = Release|x86
		{400F7F35-7034-41B6-80CD-F5F916BD039C}.Release|x86.Build.0 = Release|x86
		{400F7F35-7034-41B6-80CD-F5F916BD039C}.Release|x86.Deploy.0 = Release|x86
		{5470D5D0-10CB-4D3D-8026-0A49254A21BE}.Ad-Hoc|Any CPU.ActiveCfg = Release|Any CPU
		{5470D5D0-10CB-4D3D-8026-0A49254A21BE}.Ad-Hoc|Any CPU.Build.0 = Release|Any CPU
		{5470D5D0-10CB-4D3D-8026-0A49254A21BE}.Ad-Hoc|ARM.ActiveCfg = Release|ARM
		{5470D5D0-10CB-4D3D-8026-0A49254A21BE}.Ad-Hoc|ARM.Build.0 = Release|ARM
		{5470D5D0-10CB-4D3D-8026-0A49254A21BE}.Ad-Hoc|iPhone.ActiveCfg = Release|Any CPU
		{5470D5D0-10CB-4D3D-8026-0A49254A21BE}.Ad-Hoc|iPhone.Build.0 = Release|Any CPU
		{5470D5D0-10CB-4D3D-8026-0A49254A21BE}.Ad-Hoc|iPhoneSimulator.ActiveCfg = Release|Any CPU
		{5470D5D0-10CB-4D3D-8026-0A49254A21BE}.Ad-Hoc|iPhoneSimulator.Build.0 = Release|Any CPU
		{5470D5D0-10CB-4D3D-8026-0A49254A21BE}.Ad-Hoc|x64.ActiveCfg = Release|x64
		{5470D5D0-10CB-4D3D-8026-0A49254A21BE}.Ad-Hoc|x64.Build.0 = Release|x64
		{5470D5D0-10CB-4D3D-8026-0A49254A21BE}.Ad-Hoc|x86.ActiveCfg = Release|x86
		{5470D5D0-10CB-4D3D-8026-0A49254A21BE}.Ad-Hoc|x86.Build.0 = Release|x86
		{5470D5D0-10CB-4D3D-8026-0A49254A21BE}.AppStore|Any CPU.ActiveCfg = Release|Any CPU
		{5470D5D0-10CB-4D3D-8026-0A49254A21BE}.AppStore|Any CPU.Build.0 = Release|Any CPU
		{5470D5D0-10CB-4D3D-8026-0A49254A21BE}.AppStore|ARM.ActiveCfg = Release|ARM
		{5470D5D0-10CB-4D3D-8026-0A49254A21BE}.AppStore|ARM.Build.0 = Release|ARM
		{5470D5D0-10CB-4D3D-8026-0A49254A21BE}.AppStore|iPhone.ActiveCfg = Release|Any CPU
		{5470D5D0-10CB-4D3D-8026-0A49254A21BE}.AppStore|iPhone.Build.0 = Release|Any CPU
		{5470D5D0-10CB-4D3D-8026-0A49254A21BE}.AppStore|iPhoneSimulator.ActiveCfg = Release|Any CPU
		{5470D5D0-10CB-4D3D-8026-0A49254A21BE}.AppStore|iPhoneSimulator.Build.0 = Release|Any CPU
		{5470D5D0-10CB-4D3D-8026-0A49254A21BE}.AppStore|x64.ActiveCfg = Release|x64
		{5470D5D0-10CB-4D3D-8026-0A49254A21BE}.AppStore|x64.Build.0 = Release|x64
		{5470D5D0-10CB-4D3D-8026-0A49254A21BE}.AppStore|x86.ActiveCfg = Release|x86
		{5470D5D0-10CB-4D3D-8026-0A49254A21BE}.AppStore|x86.Build.0 = Release|x86
		{5470D5D0-10CB-4D3D-8026-0A49254A21BE}.Debug|Any CPU.ActiveCfg = Debug|Any CPU
		{5470D5D0-10CB-4D3D-8026-0A49254A21BE}.Debug|Any CPU.Build.0 = Debug|Any CPU
		{5470D5D0-10CB-4D3D-8026-0A49254A21BE}.Debug|ARM.ActiveCfg = Debug|ARM
		{5470D5D0-10CB-4D3D-8026-0A49254A21BE}.Debug|ARM.Build.0 = Debug|ARM
		{5470D5D0-10CB-4D3D-8026-0A49254A21BE}.Debug|iPhone.ActiveCfg = Debug|Any CPU
		{5470D5D0-10CB-4D3D-8026-0A49254A21BE}.Debug|iPhone.Build.0 = Debug|Any CPU
		{5470D5D0-10CB-4D3D-8026-0A49254A21BE}.Debug|iPhoneSimulator.ActiveCfg = Debug|Any CPU
		{5470D5D0-10CB-4D3D-8026-0A49254A21BE}.Debug|iPhoneSimulator.Build.0 = Debug|Any CPU
		{5470D5D0-10CB-4D3D-8026-0A49254A21BE}.Debug|x64.ActiveCfg = Debug|x64
		{5470D5D0-10CB-4D3D-8026-0A49254A21BE}.Debug|x64.Build.0 = Debug|x64
		{5470D5D0-10CB-4D3D-8026-0A49254A21BE}.Debug|x86.ActiveCfg = Debug|x86
		{5470D5D0-10CB-4D3D-8026-0A49254A21BE}.Debug|x86.Build.0 = Debug|x86
		{5470D5D0-10CB-4D3D-8026-0A49254A21BE}.Release|Any CPU.ActiveCfg = Release|Any CPU
		{5470D5D0-10CB-4D3D-8026-0A49254A21BE}.Release|Any CPU.Build.0 = Release|Any CPU
		{5470D5D0-10CB-4D3D-8026-0A49254A21BE}.Release|ARM.ActiveCfg = Release|ARM
		{5470D5D0-10CB-4D3D-8026-0A49254A21BE}.Release|ARM.Build.0 = Release|ARM
		{5470D5D0-10CB-4D3D-8026-0A49254A21BE}.Release|iPhone.ActiveCfg = Release|Any CPU
		{5470D5D0-10CB-4D3D-8026-0A49254A21BE}.Release|iPhone.Build.0 = Release|Any CPU
		{5470D5D0-10CB-4D3D-8026-0A49254A21BE}.Release|iPhoneSimulator.ActiveCfg = Release|Any CPU
		{5470D5D0-10CB-4D3D-8026-0A49254A21BE}.Release|iPhoneSimulator.Build.0 = Release|Any CPU
		{5470D5D0-10CB-4D3D-8026-0A49254A21BE}.Release|x64.ActiveCfg = Release|x64
		{5470D5D0-10CB-4D3D-8026-0A49254A21BE}.Release|x64.Build.0 = Release|x64
		{5470D5D0-10CB-4D3D-8026-0A49254A21BE}.Release|x86.ActiveCfg = Release|x86
		{5470D5D0-10CB-4D3D-8026-0A49254A21BE}.Release|x86.Build.0 = Release|x86
		{DBAFFCC8-1AC5-4A13-8CD8-57A3D1D4E243}.Ad-Hoc|Any CPU.ActiveCfg = Release|Any CPU
		{DBAFFCC8-1AC5-4A13-8CD8-57A3D1D4E243}.Ad-Hoc|Any CPU.Build.0 = Release|Any CPU
		{DBAFFCC8-1AC5-4A13-8CD8-57A3D1D4E243}.Ad-Hoc|ARM.ActiveCfg = Release|ARM
		{DBAFFCC8-1AC5-4A13-8CD8-57A3D1D4E243}.Ad-Hoc|ARM.Build.0 = Release|ARM
		{DBAFFCC8-1AC5-4A13-8CD8-57A3D1D4E243}.Ad-Hoc|iPhone.ActiveCfg = Release|Any CPU
		{DBAFFCC8-1AC5-4A13-8CD8-57A3D1D4E243}.Ad-Hoc|iPhone.Build.0 = Release|Any CPU
		{DBAFFCC8-1AC5-4A13-8CD8-57A3D1D4E243}.Ad-Hoc|iPhoneSimulator.ActiveCfg = Release|Any CPU
		{DBAFFCC8-1AC5-4A13-8CD8-57A3D1D4E243}.Ad-Hoc|iPhoneSimulator.Build.0 = Release|Any CPU
		{DBAFFCC8-1AC5-4A13-8CD8-57A3D1D4E243}.Ad-Hoc|x64.ActiveCfg = Release|x64
		{DBAFFCC8-1AC5-4A13-8CD8-57A3D1D4E243}.Ad-Hoc|x64.Build.0 = Release|x64
		{DBAFFCC8-1AC5-4A13-8CD8-57A3D1D4E243}.Ad-Hoc|x86.ActiveCfg = Release|x86
		{DBAFFCC8-1AC5-4A13-8CD8-57A3D1D4E243}.Ad-Hoc|x86.Build.0 = Release|x86
		{DBAFFCC8-1AC5-4A13-8CD8-57A3D1D4E243}.AppStore|Any CPU.ActiveCfg = Release|Any CPU
		{DBAFFCC8-1AC5-4A13-8CD8-57A3D1D4E243}.AppStore|Any CPU.Build.0 = Release|Any CPU
		{DBAFFCC8-1AC5-4A13-8CD8-57A3D1D4E243}.AppStore|ARM.ActiveCfg = Release|ARM
		{DBAFFCC8-1AC5-4A13-8CD8-57A3D1D4E243}.AppStore|ARM.Build.0 = Release|ARM
		{DBAFFCC8-1AC5-4A13-8CD8-57A3D1D4E243}.AppStore|iPhone.ActiveCfg = Release|Any CPU
		{DBAFFCC8-1AC5-4A13-8CD8-57A3D1D4E243}.AppStore|iPhone.Build.0 = Release|Any CPU
		{DBAFFCC8-1AC5-4A13-8CD8-57A3D1D4E243}.AppStore|iPhoneSimulator.ActiveCfg = Release|Any CPU
		{DBAFFCC8-1AC5-4A13-8CD8-57A3D1D4E243}.AppStore|iPhoneSimulator.Build.0 = Release|Any CPU
		{DBAFFCC8-1AC5-4A13-8CD8-57A3D1D4E243}.AppStore|x64.ActiveCfg = Release|x64
		{DBAFFCC8-1AC5-4A13-8CD8-57A3D1D4E243}.AppStore|x64.Build.0 = Release|x64
		{DBAFFCC8-1AC5-4A13-8CD8-57A3D1D4E243}.AppStore|x86.ActiveCfg = Release|x86
		{DBAFFCC8-1AC5-4A13-8CD8-57A3D1D4E243}.AppStore|x86.Build.0 = Release|x86
		{DBAFFCC8-1AC5-4A13-8CD8-57A3D1D4E243}.Debug|Any CPU.ActiveCfg = Debug|Any CPU
		{DBAFFCC8-1AC5-4A13-8CD8-57A3D1D4E243}.Debug|Any CPU.Build.0 = Debug|Any CPU
		{DBAFFCC8-1AC5-4A13-8CD8-57A3D1D4E243}.Debug|ARM.ActiveCfg = Debug|ARM
		{DBAFFCC8-1AC5-4A13-8CD8-57A3D1D4E243}.Debug|ARM.Build.0 = Debug|ARM
		{DBAFFCC8-1AC5-4A13-8CD8-57A3D1D4E243}.Debug|iPhone.ActiveCfg = Debug|Any CPU
		{DBAFFCC8-1AC5-4A13-8CD8-57A3D1D4E243}.Debug|iPhone.Build.0 = Debug|Any CPU
		{DBAFFCC8-1AC5-4A13-8CD8-57A3D1D4E243}.Debug|iPhoneSimulator.ActiveCfg = Debug|Any CPU
		{DBAFFCC8-1AC5-4A13-8CD8-57A3D1D4E243}.Debug|iPhoneSimulator.Build.0 = Debug|Any CPU
		{DBAFFCC8-1AC5-4A13-8CD8-57A3D1D4E243}.Debug|x64.ActiveCfg = Debug|x64
		{DBAFFCC8-1AC5-4A13-8CD8-57A3D1D4E243}.Debug|x64.Build.0 = Debug|x64
		{DBAFFCC8-1AC5-4A13-8CD8-57A3D1D4E243}.Debug|x86.ActiveCfg = Debug|x86
		{DBAFFCC8-1AC5-4A13-8CD8-57A3D1D4E243}.Debug|x86.Build.0 = Debug|x86
		{DBAFFCC8-1AC5-4A13-8CD8-57A3D1D4E243}.Release|Any CPU.ActiveCfg = Release|Any CPU
		{DBAFFCC8-1AC5-4A13-8CD8-57A3D1D4E243}.Release|Any CPU.Build.0 = Release|Any CPU
		{DBAFFCC8-1AC5-4A13-8CD8-57A3D1D4E243}.Release|ARM.ActiveCfg = Release|ARM
		{DBAFFCC8-1AC5-4A13-8CD8-57A3D1D4E243}.Release|ARM.Build.0 = Release|ARM
		{DBAFFCC8-1AC5-4A13-8CD8-57A3D1D4E243}.Release|iPhone.ActiveCfg = Release|Any CPU
		{DBAFFCC8-1AC5-4A13-8CD8-57A3D1D4E243}.Release|iPhone.Build.0 = Release|Any CPU
		{DBAFFCC8-1AC5-4A13-8CD8-57A3D1D4E243}.Release|iPhoneSimulator.ActiveCfg = Release|Any CPU
		{DBAFFCC8-1AC5-4A13-8CD8-57A3D1D4E243}.Release|iPhoneSimulator.Build.0 = Release|Any CPU
		{DBAFFCC8-1AC5-4A13-8CD8-57A3D1D4E243}.Release|x64.ActiveCfg = Release|x64
		{DBAFFCC8-1AC5-4A13-8CD8-57A3D1D4E243}.Release|x64.Build.0 = Release|x64
		{DBAFFCC8-1AC5-4A13-8CD8-57A3D1D4E243}.Release|x86.ActiveCfg = Release|x86
		{DBAFFCC8-1AC5-4A13-8CD8-57A3D1D4E243}.Release|x86.Build.0 = Release|x86
		{7564864B-E139-42A3-B53F-0714D118EDAE}.Ad-Hoc|Any CPU.ActiveCfg = Release|Any CPU
		{7564864B-E139-42A3-B53F-0714D118EDAE}.Ad-Hoc|Any CPU.Build.0 = Release|Any CPU
		{7564864B-E139-42A3-B53F-0714D118EDAE}.Ad-Hoc|ARM.ActiveCfg = Release|ARM
		{7564864B-E139-42A3-B53F-0714D118EDAE}.Ad-Hoc|ARM.Build.0 = Release|ARM
		{7564864B-E139-42A3-B53F-0714D118EDAE}.Ad-Hoc|iPhone.ActiveCfg = Release|Any CPU
		{7564864B-E139-42A3-B53F-0714D118EDAE}.Ad-Hoc|iPhone.Build.0 = Release|Any CPU
		{7564864B-E139-42A3-B53F-0714D118EDAE}.Ad-Hoc|iPhoneSimulator.ActiveCfg = Release|Any CPU
		{7564864B-E139-42A3-B53F-0714D118EDAE}.Ad-Hoc|iPhoneSimulator.Build.0 = Release|Any CPU
		{7564864B-E139-42A3-B53F-0714D118EDAE}.Ad-Hoc|x64.ActiveCfg = Release|x64
		{7564864B-E139-42A3-B53F-0714D118EDAE}.Ad-Hoc|x64.Build.0 = Release|x64
		{7564864B-E139-42A3-B53F-0714D118EDAE}.Ad-Hoc|x86.ActiveCfg = Release|x86
		{7564864B-E139-42A3-B53F-0714D118EDAE}.Ad-Hoc|x86.Build.0 = Release|x86
		{7564864B-E139-42A3-B53F-0714D118EDAE}.AppStore|Any CPU.ActiveCfg = Release|Any CPU
		{7564864B-E139-42A3-B53F-0714D118EDAE}.AppStore|Any CPU.Build.0 = Release|Any CPU
		{7564864B-E139-42A3-B53F-0714D118EDAE}.AppStore|ARM.ActiveCfg = Release|ARM
		{7564864B-E139-42A3-B53F-0714D118EDAE}.AppStore|ARM.Build.0 = Release|ARM
		{7564864B-E139-42A3-B53F-0714D118EDAE}.AppStore|iPhone.ActiveCfg = Release|Any CPU
		{7564864B-E139-42A3-B53F-0714D118EDAE}.AppStore|iPhone.Build.0 = Release|Any CPU
		{7564864B-E139-42A3-B53F-0714D118EDAE}.AppStore|iPhoneSimulator.ActiveCfg = Release|Any CPU
		{7564864B-E139-42A3-B53F-0714D118EDAE}.AppStore|iPhoneSimulator.Build.0 = Release|Any CPU
		{7564864B-E139-42A3-B53F-0714D118EDAE}.AppStore|x64.ActiveCfg = Release|x64
		{7564864B-E139-42A3-B53F-0714D118EDAE}.AppStore|x64.Build.0 = Release|x64
		{7564864B-E139-42A3-B53F-0714D118EDAE}.AppStore|x86.ActiveCfg = Release|x86
		{7564864B-E139-42A3-B53F-0714D118EDAE}.AppStore|x86.Build.0 = Release|x86
		{7564864B-E139-42A3-B53F-0714D118EDAE}.Debug|Any CPU.ActiveCfg = Debug|Any CPU
		{7564864B-E139-42A3-B53F-0714D118EDAE}.Debug|Any CPU.Build.0 = Debug|Any CPU
		{7564864B-E139-42A3-B53F-0714D118EDAE}.Debug|ARM.ActiveCfg = Debug|ARM
		{7564864B-E139-42A3-B53F-0714D118EDAE}.Debug|ARM.Build.0 = Debug|ARM
		{7564864B-E139-42A3-B53F-0714D118EDAE}.Debug|iPhone.ActiveCfg = Debug|Any CPU
		{7564864B-E139-42A3-B53F-0714D118EDAE}.Debug|iPhone.Build.0 = Debug|Any CPU
		{7564864B-E139-42A3-B53F-0714D118EDAE}.Debug|iPhoneSimulator.ActiveCfg = Debug|Any CPU
		{7564864B-E139-42A3-B53F-0714D118EDAE}.Debug|iPhoneSimulator.Build.0 = Debug|Any CPU
		{7564864B-E139-42A3-B53F-0714D118EDAE}.Debug|x64.ActiveCfg = Debug|x64
		{7564864B-E139-42A3-B53F-0714D118EDAE}.Debug|x64.Build.0 = Debug|x64
		{7564864B-E139-42A3-B53F-0714D118EDAE}.Debug|x86.ActiveCfg = Debug|x86
		{7564864B-E139-42A3-B53F-0714D118EDAE}.Debug|x86.Build.0 = Debug|x86
		{7564864B-E139-42A3-B53F-0714D118EDAE}.Release|Any CPU.ActiveCfg = Release|Any CPU
		{7564864B-E139-42A3-B53F-0714D118EDAE}.Release|Any CPU.Build.0 = Release|Any CPU
		{7564864B-E139-42A3-B53F-0714D118EDAE}.Release|ARM.ActiveCfg = Release|ARM
		{7564864B-E139-42A3-B53F-0714D118EDAE}.Release|ARM.Build.0 = Release|ARM
		{7564864B-E139-42A3-B53F-0714D118EDAE}.Release|iPhone.ActiveCfg = Release|Any CPU
		{7564864B-E139-42A3-B53F-0714D118EDAE}.Release|iPhone.Build.0 = Release|Any CPU
		{7564864B-E139-42A3-B53F-0714D118EDAE}.Release|iPhoneSimulator.ActiveCfg = Release|Any CPU
		{7564864B-E139-42A3-B53F-0714D118EDAE}.Release|iPhoneSimulator.Build.0 = Release|Any CPU
		{7564864B-E139-42A3-B53F-0714D118EDAE}.Release|x64.ActiveCfg = Release|x64
		{7564864B-E139-42A3-B53F-0714D118EDAE}.Release|x64.Build.0 = Release|x64
		{7564864B-E139-42A3-B53F-0714D118EDAE}.Release|x86.ActiveCfg = Release|x86
		{7564864B-E139-42A3-B53F-0714D118EDAE}.Release|x86.Build.0 = Release|x86
		{9DA51EF4-2DAE-40D8-92EC-CC81162669DF}.Ad-Hoc|Any CPU.ActiveCfg = Release|Any CPU
		{9DA51EF4-2DAE-40D8-92EC-CC81162669DF}.Ad-Hoc|Any CPU.Build.0 = Release|Any CPU
		{9DA51EF4-2DAE-40D8-92EC-CC81162669DF}.Ad-Hoc|ARM.ActiveCfg = Release|ARM
		{9DA51EF4-2DAE-40D8-92EC-CC81162669DF}.Ad-Hoc|ARM.Build.0 = Release|ARM
		{9DA51EF4-2DAE-40D8-92EC-CC81162669DF}.Ad-Hoc|iPhone.ActiveCfg = Release|Any CPU
		{9DA51EF4-2DAE-40D8-92EC-CC81162669DF}.Ad-Hoc|iPhone.Build.0 = Release|Any CPU
		{9DA51EF4-2DAE-40D8-92EC-CC81162669DF}.Ad-Hoc|iPhoneSimulator.ActiveCfg = Release|Any CPU
		{9DA51EF4-2DAE-40D8-92EC-CC81162669DF}.Ad-Hoc|iPhoneSimulator.Build.0 = Release|Any CPU
		{9DA51EF4-2DAE-40D8-92EC-CC81162669DF}.Ad-Hoc|x64.ActiveCfg = Release|x64
		{9DA51EF4-2DAE-40D8-92EC-CC81162669DF}.Ad-Hoc|x64.Build.0 = Release|x64
		{9DA51EF4-2DAE-40D8-92EC-CC81162669DF}.Ad-Hoc|x86.ActiveCfg = Release|x86
		{9DA51EF4-2DAE-40D8-92EC-CC81162669DF}.Ad-Hoc|x86.Build.0 = Release|x86
		{9DA51EF4-2DAE-40D8-92EC-CC81162669DF}.AppStore|Any CPU.ActiveCfg = Release|Any CPU
		{9DA51EF4-2DAE-40D8-92EC-CC81162669DF}.AppStore|Any CPU.Build.0 = Release|Any CPU
		{9DA51EF4-2DAE-40D8-92EC-CC81162669DF}.AppStore|ARM.ActiveCfg = Release|ARM
		{9DA51EF4-2DAE-40D8-92EC-CC81162669DF}.AppStore|ARM.Build.0 = Release|ARM
		{9DA51EF4-2DAE-40D8-92EC-CC81162669DF}.AppStore|iPhone.ActiveCfg = Release|Any CPU
		{9DA51EF4-2DAE-40D8-92EC-CC81162669DF}.AppStore|iPhone.Build.0 = Release|Any CPU
		{9DA51EF4-2DAE-40D8-92EC-CC81162669DF}.AppStore|iPhoneSimulator.ActiveCfg = Release|Any CPU
		{9DA51EF4-2DAE-40D8-92EC-CC81162669DF}.AppStore|iPhoneSimulator.Build.0 = Release|Any CPU
		{9DA51EF4-2DAE-40D8-92EC-CC81162669DF}.AppStore|x64.ActiveCfg = Release|x64
		{9DA51EF4-2DAE-40D8-92EC-CC81162669DF}.AppStore|x64.Build.0 = Release|x64
		{9DA51EF4-2DAE-40D8-92EC-CC81162669DF}.AppStore|x86.ActiveCfg = Release|x86
		{9DA51EF4-2DAE-40D8-92EC-CC81162669DF}.AppStore|x86.Build.0 = Release|x86
		{9DA51EF4-2DAE-40D8-92EC-CC81162669DF}.Debug|Any CPU.ActiveCfg = Debug|Any CPU
		{9DA51EF4-2DAE-40D8-92EC-CC81162669DF}.Debug|Any CPU.Build.0 = Debug|Any CPU
		{9DA51EF4-2DAE-40D8-92EC-CC81162669DF}.Debug|ARM.ActiveCfg = Debug|ARM
		{9DA51EF4-2DAE-40D8-92EC-CC81162669DF}.Debug|ARM.Build.0 = Debug|ARM
		{9DA51EF4-2DAE-40D8-92EC-CC81162669DF}.Debug|iPhone.ActiveCfg = Debug|Any CPU
		{9DA51EF4-2DAE-40D8-92EC-CC81162669DF}.Debug|iPhone.Build.0 = Debug|Any CPU
		{9DA51EF4-2DAE-40D8-92EC-CC81162669DF}.Debug|iPhoneSimulator.ActiveCfg = Debug|Any CPU
		{9DA51EF4-2DAE-40D8-92EC-CC81162669DF}.Debug|iPhoneSimulator.Build.0 = Debug|Any CPU
		{9DA51EF4-2DAE-40D8-92EC-CC81162669DF}.Debug|x64.ActiveCfg = Debug|x64
		{9DA51EF4-2DAE-40D8-92EC-CC81162669DF}.Debug|x64.Build.0 = Debug|x64
		{9DA51EF4-2DAE-40D8-92EC-CC81162669DF}.Debug|x86.ActiveCfg = Debug|x86
		{9DA51EF4-2DAE-40D8-92EC-CC81162669DF}.Debug|x86.Build.0 = Debug|x86
		{9DA51EF4-2DAE-40D8-92EC-CC81162669DF}.Release|Any CPU.ActiveCfg = Release|Any CPU
		{9DA51EF4-2DAE-40D8-92EC-CC81162669DF}.Release|Any CPU.Build.0 = Release|Any CPU
		{9DA51EF4-2DAE-40D8-92EC-CC81162669DF}.Release|ARM.ActiveCfg = Release|ARM
		{9DA51EF4-2DAE-40D8-92EC-CC81162669DF}.Release|ARM.Build.0 = Release|ARM
		{9DA51EF4-2DAE-40D8-92EC-CC81162669DF}.Release|iPhone.ActiveCfg = Release|Any CPU
		{9DA51EF4-2DAE-40D8-92EC-CC81162669DF}.Release|iPhone.Build.0 = Release|Any CPU
		{9DA51EF4-2DAE-40D8-92EC-CC81162669DF}.Release|iPhoneSimulator.ActiveCfg = Release|Any CPU
		{9DA51EF4-2DAE-40D8-92EC-CC81162669DF}.Release|iPhoneSimulator.Build.0 = Release|Any CPU
		{9DA51EF4-2DAE-40D8-92EC-CC81162669DF}.Release|x64.ActiveCfg = Release|x64
		{9DA51EF4-2DAE-40D8-92EC-CC81162669DF}.Release|x64.Build.0 = Release|x64
		{9DA51EF4-2DAE-40D8-92EC-CC81162669DF}.Release|x86.ActiveCfg = Release|x86
		{9DA51EF4-2DAE-40D8-92EC-CC81162669DF}.Release|x86.Build.0 = Release|x86
		{9E6A2F9C-A1F8-4D56-AF2B-CB323A841E2E}.Ad-Hoc|Any CPU.ActiveCfg = Release|Any CPU
		{9E6A2F9C-A1F8-4D56-AF2B-CB323A841E2E}.Ad-Hoc|Any CPU.Build.0 = Release|Any CPU
		{9E6A2F9C-A1F8-4D56-AF2B-CB323A841E2E}.Ad-Hoc|ARM.ActiveCfg = Release|ARM
		{9E6A2F9C-A1F8-4D56-AF2B-CB323A841E2E}.Ad-Hoc|ARM.Build.0 = Release|ARM
		{9E6A2F9C-A1F8-4D56-AF2B-CB323A841E2E}.Ad-Hoc|iPhone.ActiveCfg = Release|Any CPU
		{9E6A2F9C-A1F8-4D56-AF2B-CB323A841E2E}.Ad-Hoc|iPhone.Build.0 = Release|Any CPU
		{9E6A2F9C-A1F8-4D56-AF2B-CB323A841E2E}.Ad-Hoc|iPhoneSimulator.ActiveCfg = Release|Any CPU
		{9E6A2F9C-A1F8-4D56-AF2B-CB323A841E2E}.Ad-Hoc|iPhoneSimulator.Build.0 = Release|Any CPU
		{9E6A2F9C-A1F8-4D56-AF2B-CB323A841E2E}.Ad-Hoc|x64.ActiveCfg = Release|x64
		{9E6A2F9C-A1F8-4D56-AF2B-CB323A841E2E}.Ad-Hoc|x64.Build.0 = Release|x64
		{9E6A2F9C-A1F8-4D56-AF2B-CB323A841E2E}.Ad-Hoc|x86.ActiveCfg = Release|x86
		{9E6A2F9C-A1F8-4D56-AF2B-CB323A841E2E}.Ad-Hoc|x86.Build.0 = Release|x86
		{9E6A2F9C-A1F8-4D56-AF2B-CB323A841E2E}.AppStore|Any CPU.ActiveCfg = Release|Any CPU
		{9E6A2F9C-A1F8-4D56-AF2B-CB323A841E2E}.AppStore|Any CPU.Build.0 = Release|Any CPU
		{9E6A2F9C-A1F8-4D56-AF2B-CB323A841E2E}.AppStore|ARM.ActiveCfg = Release|ARM
		{9E6A2F9C-A1F8-4D56-AF2B-CB323A841E2E}.AppStore|ARM.Build.0 = Release|ARM
		{9E6A2F9C-A1F8-4D56-AF2B-CB323A841E2E}.AppStore|iPhone.ActiveCfg = Release|Any CPU
		{9E6A2F9C-A1F8-4D56-AF2B-CB323A841E2E}.AppStore|iPhone.Build.0 = Release|Any CPU
		{9E6A2F9C-A1F8-4D56-AF2B-CB323A841E2E}.AppStore|iPhoneSimulator.ActiveCfg = Release|Any CPU
		{9E6A2F9C-A1F8-4D56-AF2B-CB323A841E2E}.AppStore|iPhoneSimulator.Build.0 = Release|Any CPU
		{9E6A2F9C-A1F8-4D56-AF2B-CB323A841E2E}.AppStore|x64.ActiveCfg = Release|x64
		{9E6A2F9C-A1F8-4D56-AF2B-CB323A841E2E}.AppStore|x64.Build.0 = Release|x64
		{9E6A2F9C-A1F8-4D56-AF2B-CB323A841E2E}.AppStore|x86.ActiveCfg = Release|x86
		{9E6A2F9C-A1F8-4D56-AF2B-CB323A841E2E}.AppStore|x86.Build.0 = Release|x86
		{9E6A2F9C-A1F8-4D56-AF2B-CB323A841E2E}.Debug|Any CPU.ActiveCfg = Debug|Any CPU
		{9E6A2F9C-A1F8-4D56-AF2B-CB323A841E2E}.Debug|Any CPU.Build.0 = Debug|Any CPU
		{9E6A2F9C-A1F8-4D56-AF2B-CB323A841E2E}.Debug|ARM.ActiveCfg = Debug|ARM
		{9E6A2F9C-A1F8-4D56-AF2B-CB323A841E2E}.Debug|ARM.Build.0 = Debug|ARM
		{9E6A2F9C-A1F8-4D56-AF2B-CB323A841E2E}.Debug|iPhone.ActiveCfg = Debug|Any CPU
		{9E6A2F9C-A1F8-4D56-AF2B-CB323A841E2E}.Debug|iPhone.Build.0 = Debug|Any CPU
		{9E6A2F9C-A1F8-4D56-AF2B-CB323A841E2E}.Debug|iPhoneSimulator.ActiveCfg = Debug|Any CPU
		{9E6A2F9C-A1F8-4D56-AF2B-CB323A841E2E}.Debug|iPhoneSimulator.Build.0 = Debug|Any CPU
		{9E6A2F9C-A1F8-4D56-AF2B-CB323A841E2E}.Debug|x64.ActiveCfg = Debug|x64
		{9E6A2F9C-A1F8-4D56-AF2B-CB323A841E2E}.Debug|x64.Build.0 = Debug|x64
		{9E6A2F9C-A1F8-4D56-AF2B-CB323A841E2E}.Debug|x86.ActiveCfg = Debug|x86
		{9E6A2F9C-A1F8-4D56-AF2B-CB323A841E2E}.Debug|x86.Build.0 = Debug|x86
		{9E6A2F9C-A1F8-4D56-AF2B-CB323A841E2E}.Release|Any CPU.ActiveCfg = Release|Any CPU
		{9E6A2F9C-A1F8-4D56-AF2B-CB323A841E2E}.Release|Any CPU.Build.0 = Release|Any CPU
		{9E6A2F9C-A1F8-4D56-AF2B-CB323A841E2E}.Release|ARM.ActiveCfg = Release|ARM
		{9E6A2F9C-A1F8-4D56-AF2B-CB323A841E2E}.Release|ARM.Build.0 = Release|ARM
		{9E6A2F9C-A1F8-4D56-AF2B-CB323A841E2E}.Release|iPhone.ActiveCfg = Release|Any CPU
		{9E6A2F9C-A1F8-4D56-AF2B-CB323A841E2E}.Release|iPhone.Build.0 = Release|Any CPU
		{9E6A2F9C-A1F8-4D56-AF2B-CB323A841E2E}.Release|iPhoneSimulator.ActiveCfg = Release|Any CPU
		{9E6A2F9C-A1F8-4D56-AF2B-CB323A841E2E}.Release|iPhoneSimulator.Build.0 = Release|Any CPU
		{9E6A2F9C-A1F8-4D56-AF2B-CB323A841E2E}.Release|x64.ActiveCfg = Release|x64
		{9E6A2F9C-A1F8-4D56-AF2B-CB323A841E2E}.Release|x64.Build.0 = Release|x64
		{9E6A2F9C-A1F8-4D56-AF2B-CB323A841E2E}.Release|x86.ActiveCfg = Release|x86
		{9E6A2F9C-A1F8-4D56-AF2B-CB323A841E2E}.Release|x86.Build.0 = Release|x86
		{1DDC0313-F305-4091-AD21-2B3D99BB5550}.Ad-Hoc|Any CPU.ActiveCfg = Release|Any CPU
		{1DDC0313-F305-4091-AD21-2B3D99BB5550}.Ad-Hoc|Any CPU.Build.0 = Release|Any CPU
		{1DDC0313-F305-4091-AD21-2B3D99BB5550}.Ad-Hoc|ARM.ActiveCfg = Release|ARM
		{1DDC0313-F305-4091-AD21-2B3D99BB5550}.Ad-Hoc|ARM.Build.0 = Release|ARM
		{1DDC0313-F305-4091-AD21-2B3D99BB5550}.Ad-Hoc|iPhone.ActiveCfg = Release|Any CPU
		{1DDC0313-F305-4091-AD21-2B3D99BB5550}.Ad-Hoc|iPhone.Build.0 = Release|Any CPU
		{1DDC0313-F305-4091-AD21-2B3D99BB5550}.Ad-Hoc|iPhoneSimulator.ActiveCfg = Release|Any CPU
		{1DDC0313-F305-4091-AD21-2B3D99BB5550}.Ad-Hoc|iPhoneSimulator.Build.0 = Release|Any CPU
		{1DDC0313-F305-4091-AD21-2B3D99BB5550}.Ad-Hoc|x64.ActiveCfg = Release|x64
		{1DDC0313-F305-4091-AD21-2B3D99BB5550}.Ad-Hoc|x64.Build.0 = Release|x64
		{1DDC0313-F305-4091-AD21-2B3D99BB5550}.Ad-Hoc|x86.ActiveCfg = Release|x86
		{1DDC0313-F305-4091-AD21-2B3D99BB5550}.Ad-Hoc|x86.Build.0 = Release|x86
		{1DDC0313-F305-4091-AD21-2B3D99BB5550}.AppStore|Any CPU.ActiveCfg = Release|Any CPU
		{1DDC0313-F305-4091-AD21-2B3D99BB5550}.AppStore|Any CPU.Build.0 = Release|Any CPU
		{1DDC0313-F305-4091-AD21-2B3D99BB5550}.AppStore|ARM.ActiveCfg = Release|ARM
		{1DDC0313-F305-4091-AD21-2B3D99BB5550}.AppStore|ARM.Build.0 = Release|ARM
		{1DDC0313-F305-4091-AD21-2B3D99BB5550}.AppStore|iPhone.ActiveCfg = Release|Any CPU
		{1DDC0313-F305-4091-AD21-2B3D99BB5550}.AppStore|iPhone.Build.0 = Release|Any CPU
		{1DDC0313-F305-4091-AD21-2B3D99BB5550}.AppStore|iPhoneSimulator.ActiveCfg = Release|Any CPU
		{1DDC0313-F305-4091-AD21-2B3D99BB5550}.AppStore|iPhoneSimulator.Build.0 = Release|Any CPU
		{1DDC0313-F305-4091-AD21-2B3D99BB5550}.AppStore|x64.ActiveCfg = Release|x64
		{1DDC0313-F305-4091-AD21-2B3D99BB5550}.AppStore|x64.Build.0 = Release|x64
		{1DDC0313-F305-4091-AD21-2B3D99BB5550}.AppStore|x86.ActiveCfg = Release|x86
		{1DDC0313-F305-4091-AD21-2B3D99BB5550}.AppStore|x86.Build.0 = Release|x86
		{1DDC0313-F305-4091-AD21-2B3D99BB5550}.Debug|Any CPU.ActiveCfg = Debug|Any CPU
		{1DDC0313-F305-4091-AD21-2B3D99BB5550}.Debug|Any CPU.Build.0 = Debug|Any CPU
		{1DDC0313-F305-4091-AD21-2B3D99BB5550}.Debug|ARM.ActiveCfg = Debug|ARM
		{1DDC0313-F305-4091-AD21-2B3D99BB5550}.Debug|ARM.Build.0 = Debug|ARM
		{1DDC0313-F305-4091-AD21-2B3D99BB5550}.Debug|iPhone.ActiveCfg = Debug|Any CPU
		{1DDC0313-F305-4091-AD21-2B3D99BB5550}.Debug|iPhone.Build.0 = Debug|Any CPU
		{1DDC0313-F305-4091-AD21-2B3D99BB5550}.Debug|iPhoneSimulator.ActiveCfg = Debug|Any CPU
		{1DDC0313-F305-4091-AD21-2B3D99BB5550}.Debug|iPhoneSimulator.Build.0 = Debug|Any CPU
		{1DDC0313-F305-4091-AD21-2B3D99BB5550}.Debug|x64.ActiveCfg = Debug|x64
		{1DDC0313-F305-4091-AD21-2B3D99BB5550}.Debug|x64.Build.0 = Debug|x64
		{1DDC0313-F305-4091-AD21-2B3D99BB5550}.Debug|x86.ActiveCfg = Debug|x86
		{1DDC0313-F305-4091-AD21-2B3D99BB5550}.Debug|x86.Build.0 = Debug|x86
		{1DDC0313-F305-4091-AD21-2B3D99BB5550}.Release|Any CPU.ActiveCfg = Release|Any CPU
		{1DDC0313-F305-4091-AD21-2B3D99BB5550}.Release|Any CPU.Build.0 = Release|Any CPU
		{1DDC0313-F305-4091-AD21-2B3D99BB5550}.Release|ARM.ActiveCfg = Release|ARM
		{1DDC0313-F305-4091-AD21-2B3D99BB5550}.Release|ARM.Build.0 = Release|ARM
		{1DDC0313-F305-4091-AD21-2B3D99BB5550}.Release|iPhone.ActiveCfg = Release|Any CPU
		{1DDC0313-F305-4091-AD21-2B3D99BB5550}.Release|iPhone.Build.0 = Release|Any CPU
		{1DDC0313-F305-4091-AD21-2B3D99BB5550}.Release|iPhoneSimulator.ActiveCfg = Release|Any CPU
		{1DDC0313-F305-4091-AD21-2B3D99BB5550}.Release|iPhoneSimulator.Build.0 = Release|Any CPU
		{1DDC0313-F305-4091-AD21-2B3D99BB5550}.Release|x64.ActiveCfg = Release|x64
		{1DDC0313-F305-4091-AD21-2B3D99BB5550}.Release|x64.Build.0 = Release|x64
		{1DDC0313-F305-4091-AD21-2B3D99BB5550}.Release|x86.ActiveCfg = Release|x86
		{1DDC0313-F305-4091-AD21-2B3D99BB5550}.Release|x86.Build.0 = Release|x86
		{5020EC7C-3018-4AF2-9481-8B0EFE491170}.Ad-Hoc|Any CPU.ActiveCfg = Release|Any CPU
		{5020EC7C-3018-4AF2-9481-8B0EFE491170}.Ad-Hoc|Any CPU.Build.0 = Release|Any CPU
		{5020EC7C-3018-4AF2-9481-8B0EFE491170}.Ad-Hoc|ARM.ActiveCfg = Release|ARM
		{5020EC7C-3018-4AF2-9481-8B0EFE491170}.Ad-Hoc|ARM.Build.0 = Release|ARM
		{5020EC7C-3018-4AF2-9481-8B0EFE491170}.Ad-Hoc|iPhone.ActiveCfg = Release|Any CPU
		{5020EC7C-3018-4AF2-9481-8B0EFE491170}.Ad-Hoc|iPhone.Build.0 = Release|Any CPU
		{5020EC7C-3018-4AF2-9481-8B0EFE491170}.Ad-Hoc|iPhoneSimulator.ActiveCfg = Release|Any CPU
		{5020EC7C-3018-4AF2-9481-8B0EFE491170}.Ad-Hoc|iPhoneSimulator.Build.0 = Release|Any CPU
		{5020EC7C-3018-4AF2-9481-8B0EFE491170}.Ad-Hoc|x64.ActiveCfg = Release|x64
		{5020EC7C-3018-4AF2-9481-8B0EFE491170}.Ad-Hoc|x64.Build.0 = Release|x64
		{5020EC7C-3018-4AF2-9481-8B0EFE491170}.Ad-Hoc|x86.ActiveCfg = Release|x86
		{5020EC7C-3018-4AF2-9481-8B0EFE491170}.Ad-Hoc|x86.Build.0 = Release|x86
		{5020EC7C-3018-4AF2-9481-8B0EFE491170}.AppStore|Any CPU.ActiveCfg = Release|Any CPU
		{5020EC7C-3018-4AF2-9481-8B0EFE491170}.AppStore|Any CPU.Build.0 = Release|Any CPU
		{5020EC7C-3018-4AF2-9481-8B0EFE491170}.AppStore|ARM.ActiveCfg = Release|ARM
		{5020EC7C-3018-4AF2-9481-8B0EFE491170}.AppStore|ARM.Build.0 = Release|ARM
		{5020EC7C-3018-4AF2-9481-8B0EFE491170}.AppStore|iPhone.ActiveCfg = Release|Any CPU
		{5020EC7C-3018-4AF2-9481-8B0EFE491170}.AppStore|iPhone.Build.0 = Release|Any CPU
		{5020EC7C-3018-4AF2-9481-8B0EFE491170}.AppStore|iPhoneSimulator.ActiveCfg = Release|Any CPU
		{5020EC7C-3018-4AF2-9481-8B0EFE491170}.AppStore|iPhoneSimulator.Build.0 = Release|Any CPU
		{5020EC7C-3018-4AF2-9481-8B0EFE491170}.AppStore|x64.ActiveCfg = Release|x64
		{5020EC7C-3018-4AF2-9481-8B0EFE491170}.AppStore|x64.Build.0 = Release|x64
		{5020EC7C-3018-4AF2-9481-8B0EFE491170}.AppStore|x86.ActiveCfg = Release|x86
		{5020EC7C-3018-4AF2-9481-8B0EFE491170}.AppStore|x86.Build.0 = Release|x86
		{5020EC7C-3018-4AF2-9481-8B0EFE491170}.Debug|Any CPU.ActiveCfg = Debug|Any CPU
		{5020EC7C-3018-4AF2-9481-8B0EFE491170}.Debug|Any CPU.Build.0 = Debug|Any CPU
		{5020EC7C-3018-4AF2-9481-8B0EFE491170}.Debug|ARM.ActiveCfg = Debug|ARM
		{5020EC7C-3018-4AF2-9481-8B0EFE491170}.Debug|ARM.Build.0 = Debug|ARM
		{5020EC7C-3018-4AF2-9481-8B0EFE491170}.Debug|iPhone.ActiveCfg = Debug|Any CPU
		{5020EC7C-3018-4AF2-9481-8B0EFE491170}.Debug|iPhone.Build.0 = Debug|Any CPU
		{5020EC7C-3018-4AF2-9481-8B0EFE491170}.Debug|iPhoneSimulator.ActiveCfg = Debug|Any CPU
		{5020EC7C-3018-4AF2-9481-8B0EFE491170}.Debug|iPhoneSimulator.Build.0 = Debug|Any CPU
		{5020EC7C-3018-4AF2-9481-8B0EFE491170}.Debug|x64.ActiveCfg = Debug|x64
		{5020EC7C-3018-4AF2-9481-8B0EFE491170}.Debug|x64.Build.0 = Debug|x64
		{5020EC7C-3018-4AF2-9481-8B0EFE491170}.Debug|x86.ActiveCfg = Debug|x86
		{5020EC7C-3018-4AF2-9481-8B0EFE491170}.Debug|x86.Build.0 = Debug|x86
		{5020EC7C-3018-4AF2-9481-8B0EFE491170}.Release|Any CPU.ActiveCfg = Release|Any CPU
		{5020EC7C-3018-4AF2-9481-8B0EFE491170}.Release|Any CPU.Build.0 = Release|Any CPU
		{5020EC7C-3018-4AF2-9481-8B0EFE491170}.Release|ARM.ActiveCfg = Release|ARM
		{5020EC7C-3018-4AF2-9481-8B0EFE491170}.Release|ARM.Build.0 = Release|ARM
		{5020EC7C-3018-4AF2-9481-8B0EFE491170}.Release|iPhone.ActiveCfg = Release|Any CPU
		{5020EC7C-3018-4AF2-9481-8B0EFE491170}.Release|iPhone.Build.0 = Release|Any CPU
		{5020EC7C-3018-4AF2-9481-8B0EFE491170}.Release|iPhoneSimulator.ActiveCfg = Release|Any CPU
		{5020EC7C-3018-4AF2-9481-8B0EFE491170}.Release|iPhoneSimulator.Build.0 = Release|Any CPU
		{5020EC7C-3018-4AF2-9481-8B0EFE491170}.Release|x64.ActiveCfg = Release|x64
		{5020EC7C-3018-4AF2-9481-8B0EFE491170}.Release|x64.Build.0 = Release|x64
		{5020EC7C-3018-4AF2-9481-8B0EFE491170}.Release|x86.ActiveCfg = Release|x86
		{5020EC7C-3018-4AF2-9481-8B0EFE491170}.Release|x86.Build.0 = Release|x86
		{5EBC59CA-877F-4446-8D8B-7A18B1FFD3DD}.Ad-Hoc|Any CPU.ActiveCfg = Release|Any CPU
		{5EBC59CA-877F-4446-8D8B-7A18B1FFD3DD}.Ad-Hoc|Any CPU.Build.0 = Release|Any CPU
		{5EBC59CA-877F-4446-8D8B-7A18B1FFD3DD}.Ad-Hoc|ARM.ActiveCfg = Release|ARM
		{5EBC59CA-877F-4446-8D8B-7A18B1FFD3DD}.Ad-Hoc|ARM.Build.0 = Release|ARM
		{5EBC59CA-877F-4446-8D8B-7A18B1FFD3DD}.Ad-Hoc|iPhone.ActiveCfg = Release|Any CPU
		{5EBC59CA-877F-4446-8D8B-7A18B1FFD3DD}.Ad-Hoc|iPhone.Build.0 = Release|Any CPU
		{5EBC59CA-877F-4446-8D8B-7A18B1FFD3DD}.Ad-Hoc|iPhoneSimulator.ActiveCfg = Release|Any CPU
		{5EBC59CA-877F-4446-8D8B-7A18B1FFD3DD}.Ad-Hoc|iPhoneSimulator.Build.0 = Release|Any CPU
		{5EBC59CA-877F-4446-8D8B-7A18B1FFD3DD}.Ad-Hoc|x64.ActiveCfg = Release|x64
		{5EBC59CA-877F-4446-8D8B-7A18B1FFD3DD}.Ad-Hoc|x64.Build.0 = Release|x64
		{5EBC59CA-877F-4446-8D8B-7A18B1FFD3DD}.Ad-Hoc|x86.ActiveCfg = Release|x86
		{5EBC59CA-877F-4446-8D8B-7A18B1FFD3DD}.Ad-Hoc|x86.Build.0 = Release|x86
		{5EBC59CA-877F-4446-8D8B-7A18B1FFD3DD}.AppStore|Any CPU.ActiveCfg = Release|Any CPU
		{5EBC59CA-877F-4446-8D8B-7A18B1FFD3DD}.AppStore|Any CPU.Build.0 = Release|Any CPU
		{5EBC59CA-877F-4446-8D8B-7A18B1FFD3DD}.AppStore|ARM.ActiveCfg = Release|ARM
		{5EBC59CA-877F-4446-8D8B-7A18B1FFD3DD}.AppStore|ARM.Build.0 = Release|ARM
		{5EBC59CA-877F-4446-8D8B-7A18B1FFD3DD}.AppStore|iPhone.ActiveCfg = Release|Any CPU
		{5EBC59CA-877F-4446-8D8B-7A18B1FFD3DD}.AppStore|iPhone.Build.0 = Release|Any CPU
		{5EBC59CA-877F-4446-8D8B-7A18B1FFD3DD}.AppStore|iPhoneSimulator.ActiveCfg = Release|Any CPU
		{5EBC59CA-877F-4446-8D8B-7A18B1FFD3DD}.AppStore|iPhoneSimulator.Build.0 = Release|Any CPU
		{5EBC59CA-877F-4446-8D8B-7A18B1FFD3DD}.AppStore|x64.ActiveCfg = Release|x64
		{5EBC59CA-877F-4446-8D8B-7A18B1FFD3DD}.AppStore|x64.Build.0 = Release|x64
		{5EBC59CA-877F-4446-8D8B-7A18B1FFD3DD}.AppStore|x86.ActiveCfg = Release|x86
		{5EBC59CA-877F-4446-8D8B-7A18B1FFD3DD}.AppStore|x86.Build.0 = Release|x86
		{5EBC59CA-877F-4446-8D8B-7A18B1FFD3DD}.Debug|Any CPU.ActiveCfg = Debug|Any CPU
		{5EBC59CA-877F-4446-8D8B-7A18B1FFD3DD}.Debug|Any CPU.Build.0 = Debug|Any CPU
		{5EBC59CA-877F-4446-8D8B-7A18B1FFD3DD}.Debug|ARM.ActiveCfg = Debug|ARM
		{5EBC59CA-877F-4446-8D8B-7A18B1FFD3DD}.Debug|ARM.Build.0 = Debug|ARM
		{5EBC59CA-877F-4446-8D8B-7A18B1FFD3DD}.Debug|iPhone.ActiveCfg = Debug|Any CPU
		{5EBC59CA-877F-4446-8D8B-7A18B1FFD3DD}.Debug|iPhone.Build.0 = Debug|Any CPU
		{5EBC59CA-877F-4446-8D8B-7A18B1FFD3DD}.Debug|iPhoneSimulator.ActiveCfg = Debug|Any CPU
		{5EBC59CA-877F-4446-8D8B-7A18B1FFD3DD}.Debug|iPhoneSimulator.Build.0 = Debug|Any CPU
		{5EBC59CA-877F-4446-8D8B-7A18B1FFD3DD}.Debug|x64.ActiveCfg = Debug|x64
		{5EBC59CA-877F-4446-8D8B-7A18B1FFD3DD}.Debug|x64.Build.0 = Debug|x64
		{5EBC59CA-877F-4446-8D8B-7A18B1FFD3DD}.Debug|x86.ActiveCfg = Debug|x86
		{5EBC59CA-877F-4446-8D8B-7A18B1FFD3DD}.Debug|x86.Build.0 = Debug|x86
		{5EBC59CA-877F-4446-8D8B-7A18B1FFD3DD}.Release|Any CPU.ActiveCfg = Release|Any CPU
		{5EBC59CA-877F-4446-8D8B-7A18B1FFD3DD}.Release|Any CPU.Build.0 = Release|Any CPU
		{5EBC59CA-877F-4446-8D8B-7A18B1FFD3DD}.Release|ARM.ActiveCfg = Release|ARM
		{5EBC59CA-877F-4446-8D8B-7A18B1FFD3DD}.Release|ARM.Build.0 = Release|ARM
		{5EBC59CA-877F-4446-8D8B-7A18B1FFD3DD}.Release|iPhone.ActiveCfg = Release|Any CPU
		{5EBC59CA-877F-4446-8D8B-7A18B1FFD3DD}.Release|iPhone.Build.0 = Release|Any CPU
		{5EBC59CA-877F-4446-8D8B-7A18B1FFD3DD}.Release|iPhoneSimulator.ActiveCfg = Release|Any CPU
		{5EBC59CA-877F-4446-8D8B-7A18B1FFD3DD}.Release|iPhoneSimulator.Build.0 = Release|Any CPU
		{5EBC59CA-877F-4446-8D8B-7A18B1FFD3DD}.Release|x64.ActiveCfg = Release|x64
		{5EBC59CA-877F-4446-8D8B-7A18B1FFD3DD}.Release|x64.Build.0 = Release|x64
		{5EBC59CA-877F-4446-8D8B-7A18B1FFD3DD}.Release|x86.ActiveCfg = Release|x86
		{5EBC59CA-877F-4446-8D8B-7A18B1FFD3DD}.Release|x86.Build.0 = Release|x86
		{EF4B51C0-F174-4799-9D52-8957B86BD9B9}.Ad-Hoc|Any CPU.ActiveCfg = Release|Any CPU
		{EF4B51C0-F174-4799-9D52-8957B86BD9B9}.Ad-Hoc|Any CPU.Build.0 = Release|Any CPU
		{EF4B51C0-F174-4799-9D52-8957B86BD9B9}.Ad-Hoc|ARM.ActiveCfg = Release|ARM
		{EF4B51C0-F174-4799-9D52-8957B86BD9B9}.Ad-Hoc|ARM.Build.0 = Release|ARM
		{EF4B51C0-F174-4799-9D52-8957B86BD9B9}.Ad-Hoc|iPhone.ActiveCfg = Release|Any CPU
		{EF4B51C0-F174-4799-9D52-8957B86BD9B9}.Ad-Hoc|iPhone.Build.0 = Release|Any CPU
		{EF4B51C0-F174-4799-9D52-8957B86BD9B9}.Ad-Hoc|iPhoneSimulator.ActiveCfg = Release|Any CPU
		{EF4B51C0-F174-4799-9D52-8957B86BD9B9}.Ad-Hoc|iPhoneSimulator.Build.0 = Release|Any CPU
		{EF4B51C0-F174-4799-9D52-8957B86BD9B9}.Ad-Hoc|x64.ActiveCfg = Release|x64
		{EF4B51C0-F174-4799-9D52-8957B86BD9B9}.Ad-Hoc|x64.Build.0 = Release|x64
		{EF4B51C0-F174-4799-9D52-8957B86BD9B9}.Ad-Hoc|x86.ActiveCfg = Release|x86
		{EF4B51C0-F174-4799-9D52-8957B86BD9B9}.Ad-Hoc|x86.Build.0 = Release|x86
		{EF4B51C0-F174-4799-9D52-8957B86BD9B9}.AppStore|Any CPU.ActiveCfg = Release|Any CPU
		{EF4B51C0-F174-4799-9D52-8957B86BD9B9}.AppStore|Any CPU.Build.0 = Release|Any CPU
		{EF4B51C0-F174-4799-9D52-8957B86BD9B9}.AppStore|ARM.ActiveCfg = Release|ARM
		{EF4B51C0-F174-4799-9D52-8957B86BD9B9}.AppStore|ARM.Build.0 = Release|ARM
		{EF4B51C0-F174-4799-9D52-8957B86BD9B9}.AppStore|iPhone.ActiveCfg = Release|Any CPU
		{EF4B51C0-F174-4799-9D52-8957B86BD9B9}.AppStore|iPhone.Build.0 = Release|Any CPU
		{EF4B51C0-F174-4799-9D52-8957B86BD9B9}.AppStore|iPhoneSimulator.ActiveCfg = Release|Any CPU
		{EF4B51C0-F174-4799-9D52-8957B86BD9B9}.AppStore|iPhoneSimulator.Build.0 = Release|Any CPU
		{EF4B51C0-F174-4799-9D52-8957B86BD9B9}.AppStore|x64.ActiveCfg = Release|x64
		{EF4B51C0-F174-4799-9D52-8957B86BD9B9}.AppStore|x64.Build.0 = Release|x64
		{EF4B51C0-F174-4799-9D52-8957B86BD9B9}.AppStore|x86.ActiveCfg = Release|x86
		{EF4B51C0-F174-4799-9D52-8957B86BD9B9}.AppStore|x86.Build.0 = Release|x86
		{EF4B51C0-F174-4799-9D52-8957B86BD9B9}.Debug|Any CPU.ActiveCfg = Debug|Any CPU
		{EF4B51C0-F174-4799-9D52-8957B86BD9B9}.Debug|Any CPU.Build.0 = Debug|Any CPU
		{EF4B51C0-F174-4799-9D52-8957B86BD9B9}.Debug|ARM.ActiveCfg = Debug|ARM
		{EF4B51C0-F174-4799-9D52-8957B86BD9B9}.Debug|ARM.Build.0 = Debug|ARM
		{EF4B51C0-F174-4799-9D52-8957B86BD9B9}.Debug|iPhone.ActiveCfg = Debug|Any CPU
		{EF4B51C0-F174-4799-9D52-8957B86BD9B9}.Debug|iPhone.Build.0 = Debug|Any CPU
		{EF4B51C0-F174-4799-9D52-8957B86BD9B9}.Debug|iPhoneSimulator.ActiveCfg = Debug|Any CPU
		{EF4B51C0-F174-4799-9D52-8957B86BD9B9}.Debug|iPhoneSimulator.Build.0 = Debug|Any CPU
		{EF4B51C0-F174-4799-9D52-8957B86BD9B9}.Debug|x64.ActiveCfg = Debug|x64
		{EF4B51C0-F174-4799-9D52-8957B86BD9B9}.Debug|x64.Build.0 = Debug|x64
		{EF4B51C0-F174-4799-9D52-8957B86BD9B9}.Debug|x86.ActiveCfg = Debug|x86
		{EF4B51C0-F174-4799-9D52-8957B86BD9B9}.Debug|x86.Build.0 = Debug|x86
		{EF4B51C0-F174-4799-9D52-8957B86BD9B9}.Release|Any CPU.ActiveCfg = Release|Any CPU
		{EF4B51C0-F174-4799-9D52-8957B86BD9B9}.Release|Any CPU.Build.0 = Release|Any CPU
		{EF4B51C0-F174-4799-9D52-8957B86BD9B9}.Release|ARM.ActiveCfg = Release|ARM
		{EF4B51C0-F174-4799-9D52-8957B86BD9B9}.Release|ARM.Build.0 = Release|ARM
		{EF4B51C0-F174-4799-9D52-8957B86BD9B9}.Release|iPhone.ActiveCfg = Release|Any CPU
		{EF4B51C0-F174-4799-9D52-8957B86BD9B9}.Release|iPhone.Build.0 = Release|Any CPU
		{EF4B51C0-F174-4799-9D52-8957B86BD9B9}.Release|iPhoneSimulator.ActiveCfg = Release|Any CPU
		{EF4B51C0-F174-4799-9D52-8957B86BD9B9}.Release|iPhoneSimulator.Build.0 = Release|Any CPU
		{EF4B51C0-F174-4799-9D52-8957B86BD9B9}.Release|x64.ActiveCfg = Release|x64
		{EF4B51C0-F174-4799-9D52-8957B86BD9B9}.Release|x64.Build.0 = Release|x64
		{EF4B51C0-F174-4799-9D52-8957B86BD9B9}.Release|x86.ActiveCfg = Release|x86
		{EF4B51C0-F174-4799-9D52-8957B86BD9B9}.Release|x86.Build.0 = Release|x86
		{1F02DC50-9FBB-49AB-968A-DB4A5E09006D}.Ad-Hoc|Any CPU.ActiveCfg = Release|Any CPU
		{1F02DC50-9FBB-49AB-968A-DB4A5E09006D}.Ad-Hoc|Any CPU.Build.0 = Release|Any CPU
		{1F02DC50-9FBB-49AB-968A-DB4A5E09006D}.Ad-Hoc|ARM.ActiveCfg = Release|ARM
		{1F02DC50-9FBB-49AB-968A-DB4A5E09006D}.Ad-Hoc|ARM.Build.0 = Release|ARM
		{1F02DC50-9FBB-49AB-968A-DB4A5E09006D}.Ad-Hoc|iPhone.ActiveCfg = Release|Any CPU
		{1F02DC50-9FBB-49AB-968A-DB4A5E09006D}.Ad-Hoc|iPhone.Build.0 = Release|Any CPU
		{1F02DC50-9FBB-49AB-968A-DB4A5E09006D}.Ad-Hoc|iPhoneSimulator.ActiveCfg = Release|Any CPU
		{1F02DC50-9FBB-49AB-968A-DB4A5E09006D}.Ad-Hoc|iPhoneSimulator.Build.0 = Release|Any CPU
		{1F02DC50-9FBB-49AB-968A-DB4A5E09006D}.Ad-Hoc|x64.ActiveCfg = Release|x64
		{1F02DC50-9FBB-49AB-968A-DB4A5E09006D}.Ad-Hoc|x64.Build.0 = Release|x64
		{1F02DC50-9FBB-49AB-968A-DB4A5E09006D}.Ad-Hoc|x86.ActiveCfg = Release|x86
		{1F02DC50-9FBB-49AB-968A-DB4A5E09006D}.Ad-Hoc|x86.Build.0 = Release|x86
		{1F02DC50-9FBB-49AB-968A-DB4A5E09006D}.AppStore|Any CPU.ActiveCfg = Release|Any CPU
		{1F02DC50-9FBB-49AB-968A-DB4A5E09006D}.AppStore|Any CPU.Build.0 = Release|Any CPU
		{1F02DC50-9FBB-49AB-968A-DB4A5E09006D}.AppStore|ARM.ActiveCfg = Release|ARM
		{1F02DC50-9FBB-49AB-968A-DB4A5E09006D}.AppStore|ARM.Build.0 = Release|ARM
		{1F02DC50-9FBB-49AB-968A-DB4A5E09006D}.AppStore|iPhone.ActiveCfg = Release|Any CPU
		{1F02DC50-9FBB-49AB-968A-DB4A5E09006D}.AppStore|iPhone.Build.0 = Release|Any CPU
		{1F02DC50-9FBB-49AB-968A-DB4A5E09006D}.AppStore|iPhoneSimulator.ActiveCfg = Release|Any CPU
		{1F02DC50-9FBB-49AB-968A-DB4A5E09006D}.AppStore|iPhoneSimulator.Build.0 = Release|Any CPU
		{1F02DC50-9FBB-49AB-968A-DB4A5E09006D}.AppStore|x64.ActiveCfg = Release|x64
		{1F02DC50-9FBB-49AB-968A-DB4A5E09006D}.AppStore|x64.Build.0 = Release|x64
		{1F02DC50-9FBB-49AB-968A-DB4A5E09006D}.AppStore|x86.ActiveCfg = Release|x86
		{1F02DC50-9FBB-49AB-968A-DB4A5E09006D}.AppStore|x86.Build.0 = Release|x86
		{1F02DC50-9FBB-49AB-968A-DB4A5E09006D}.Debug|Any CPU.ActiveCfg = Debug|Any CPU
		{1F02DC50-9FBB-49AB-968A-DB4A5E09006D}.Debug|Any CPU.Build.0 = Debug|Any CPU
		{1F02DC50-9FBB-49AB-968A-DB4A5E09006D}.Debug|ARM.ActiveCfg = Debug|ARM
		{1F02DC50-9FBB-49AB-968A-DB4A5E09006D}.Debug|ARM.Build.0 = Debug|ARM
		{1F02DC50-9FBB-49AB-968A-DB4A5E09006D}.Debug|iPhone.ActiveCfg = Debug|Any CPU
		{1F02DC50-9FBB-49AB-968A-DB4A5E09006D}.Debug|iPhone.Build.0 = Debug|Any CPU
		{1F02DC50-9FBB-49AB-968A-DB4A5E09006D}.Debug|iPhoneSimulator.ActiveCfg = Debug|Any CPU
		{1F02DC50-9FBB-49AB-968A-DB4A5E09006D}.Debug|iPhoneSimulator.Build.0 = Debug|Any CPU
		{1F02DC50-9FBB-49AB-968A-DB4A5E09006D}.Debug|x64.ActiveCfg = Debug|x64
		{1F02DC50-9FBB-49AB-968A-DB4A5E09006D}.Debug|x64.Build.0 = Debug|x64
		{1F02DC50-9FBB-49AB-968A-DB4A5E09006D}.Debug|x86.ActiveCfg = Debug|x86
		{1F02DC50-9FBB-49AB-968A-DB4A5E09006D}.Debug|x86.Build.0 = Debug|x86
		{1F02DC50-9FBB-49AB-968A-DB4A5E09006D}.Release|Any CPU.ActiveCfg = Release|Any CPU
		{1F02DC50-9FBB-49AB-968A-DB4A5E09006D}.Release|Any CPU.Build.0 = Release|Any CPU
		{1F02DC50-9FBB-49AB-968A-DB4A5E09006D}.Release|ARM.ActiveCfg = Release|ARM
		{1F02DC50-9FBB-49AB-968A-DB4A5E09006D}.Release|ARM.Build.0 = Release|ARM
		{1F02DC50-9FBB-49AB-968A-DB4A5E09006D}.Release|iPhone.ActiveCfg = Release|Any CPU
		{1F02DC50-9FBB-49AB-968A-DB4A5E09006D}.Release|iPhone.Build.0 = Release|Any CPU
		{1F02DC50-9FBB-49AB-968A-DB4A5E09006D}.Release|iPhoneSimulator.ActiveCfg = Release|Any CPU
		{1F02DC50-9FBB-49AB-968A-DB4A5E09006D}.Release|iPhoneSimulator.Build.0 = Release|Any CPU
		{1F02DC50-9FBB-49AB-968A-DB4A5E09006D}.Release|x64.ActiveCfg = Release|x64
		{1F02DC50-9FBB-49AB-968A-DB4A5E09006D}.Release|x64.Build.0 = Release|x64
		{1F02DC50-9FBB-49AB-968A-DB4A5E09006D}.Release|x86.ActiveCfg = Release|x86
		{1F02DC50-9FBB-49AB-968A-DB4A5E09006D}.Release|x86.Build.0 = Release|x86
		{3D1B671C-1CD1-424E-BFEA-14C28B0F1938}.Ad-Hoc|Any CPU.ActiveCfg = Release|Any CPU
		{3D1B671C-1CD1-424E-BFEA-14C28B0F1938}.Ad-Hoc|Any CPU.Build.0 = Release|Any CPU
		{3D1B671C-1CD1-424E-BFEA-14C28B0F1938}.Ad-Hoc|ARM.ActiveCfg = Release|ARM
		{3D1B671C-1CD1-424E-BFEA-14C28B0F1938}.Ad-Hoc|ARM.Build.0 = Release|ARM
		{3D1B671C-1CD1-424E-BFEA-14C28B0F1938}.Ad-Hoc|iPhone.ActiveCfg = Release|Any CPU
		{3D1B671C-1CD1-424E-BFEA-14C28B0F1938}.Ad-Hoc|iPhone.Build.0 = Release|Any CPU
		{3D1B671C-1CD1-424E-BFEA-14C28B0F1938}.Ad-Hoc|iPhoneSimulator.ActiveCfg = Release|Any CPU
		{3D1B671C-1CD1-424E-BFEA-14C28B0F1938}.Ad-Hoc|iPhoneSimulator.Build.0 = Release|Any CPU
		{3D1B671C-1CD1-424E-BFEA-14C28B0F1938}.Ad-Hoc|x64.ActiveCfg = Release|x64
		{3D1B671C-1CD1-424E-BFEA-14C28B0F1938}.Ad-Hoc|x64.Build.0 = Release|x64
		{3D1B671C-1CD1-424E-BFEA-14C28B0F1938}.Ad-Hoc|x86.ActiveCfg = Release|x86
		{3D1B671C-1CD1-424E-BFEA-14C28B0F1938}.Ad-Hoc|x86.Build.0 = Release|x86
		{3D1B671C-1CD1-424E-BFEA-14C28B0F1938}.AppStore|Any CPU.ActiveCfg = Release|Any CPU
		{3D1B671C-1CD1-424E-BFEA-14C28B0F1938}.AppStore|Any CPU.Build.0 = Release|Any CPU
		{3D1B671C-1CD1-424E-BFEA-14C28B0F1938}.AppStore|ARM.ActiveCfg = Release|ARM
		{3D1B671C-1CD1-424E-BFEA-14C28B0F1938}.AppStore|ARM.Build.0 = Release|ARM
		{3D1B671C-1CD1-424E-BFEA-14C28B0F1938}.AppStore|iPhone.ActiveCfg = Release|Any CPU
		{3D1B671C-1CD1-424E-BFEA-14C28B0F1938}.AppStore|iPhone.Build.0 = Release|Any CPU
		{3D1B671C-1CD1-424E-BFEA-14C28B0F1938}.AppStore|iPhoneSimulator.ActiveCfg = Release|Any CPU
		{3D1B671C-1CD1-424E-BFEA-14C28B0F1938}.AppStore|iPhoneSimulator.Build.0 = Release|Any CPU
		{3D1B671C-1CD1-424E-BFEA-14C28B0F1938}.AppStore|x64.ActiveCfg = Release|x64
		{3D1B671C-1CD1-424E-BFEA-14C28B0F1938}.AppStore|x64.Build.0 = Release|x64
		{3D1B671C-1CD1-424E-BFEA-14C28B0F1938}.AppStore|x86.ActiveCfg = Release|x86
		{3D1B671C-1CD1-424E-BFEA-14C28B0F1938}.AppStore|x86.Build.0 = Release|x86
		{3D1B671C-1CD1-424E-BFEA-14C28B0F1938}.Debug|Any CPU.ActiveCfg = Debug|Any CPU
		{3D1B671C-1CD1-424E-BFEA-14C28B0F1938}.Debug|Any CPU.Build.0 = Debug|Any CPU
		{3D1B671C-1CD1-424E-BFEA-14C28B0F1938}.Debug|ARM.ActiveCfg = Debug|ARM
		{3D1B671C-1CD1-424E-BFEA-14C28B0F1938}.Debug|ARM.Build.0 = Debug|ARM
		{3D1B671C-1CD1-424E-BFEA-14C28B0F1938}.Debug|iPhone.ActiveCfg = Debug|Any CPU
		{3D1B671C-1CD1-424E-BFEA-14C28B0F1938}.Debug|iPhone.Build.0 = Debug|Any CPU
		{3D1B671C-1CD1-424E-BFEA-14C28B0F1938}.Debug|iPhoneSimulator.ActiveCfg = Debug|Any CPU
		{3D1B671C-1CD1-424E-BFEA-14C28B0F1938}.Debug|iPhoneSimulator.Build.0 = Debug|Any CPU
		{3D1B671C-1CD1-424E-BFEA-14C28B0F1938}.Debug|x64.ActiveCfg = Debug|x64
		{3D1B671C-1CD1-424E-BFEA-14C28B0F1938}.Debug|x64.Build.0 = Debug|x64
		{3D1B671C-1CD1-424E-BFEA-14C28B0F1938}.Debug|x86.ActiveCfg = Debug|x86
		{3D1B671C-1CD1-424E-BFEA-14C28B0F1938}.Debug|x86.Build.0 = Debug|x86
		{3D1B671C-1CD1-424E-BFEA-14C28B0F1938}.Release|Any CPU.ActiveCfg = Release|Any CPU
		{3D1B671C-1CD1-424E-BFEA-14C28B0F1938}.Release|Any CPU.Build.0 = Release|Any CPU
		{3D1B671C-1CD1-424E-BFEA-14C28B0F1938}.Release|ARM.ActiveCfg = Release|ARM
		{3D1B671C-1CD1-424E-BFEA-14C28B0F1938}.Release|ARM.Build.0 = Release|ARM
		{3D1B671C-1CD1-424E-BFEA-14C28B0F1938}.Release|iPhone.ActiveCfg = Release|Any CPU
		{3D1B671C-1CD1-424E-BFEA-14C28B0F1938}.Release|iPhone.Build.0 = Release|Any CPU
		{3D1B671C-1CD1-424E-BFEA-14C28B0F1938}.Release|iPhoneSimulator.ActiveCfg = Release|Any CPU
		{3D1B671C-1CD1-424E-BFEA-14C28B0F1938}.Release|iPhoneSimulator.Build.0 = Release|Any CPU
		{3D1B671C-1CD1-424E-BFEA-14C28B0F1938}.Release|x64.ActiveCfg = Release|x64
		{3D1B671C-1CD1-424E-BFEA-14C28B0F1938}.Release|x64.Build.0 = Release|x64
		{3D1B671C-1CD1-424E-BFEA-14C28B0F1938}.Release|x86.ActiveCfg = Release|x86
		{3D1B671C-1CD1-424E-BFEA-14C28B0F1938}.Release|x86.Build.0 = Release|x86
	EndGlobalSection
	GlobalSection(SolutionProperties) = preSolution
		HideSolutionNode = FALSE
	EndGlobalSection
	GlobalSection(NestedProjects) = preSolution
		{5470D5D0-10CB-4D3D-8026-0A49254A21BE} = {2112D5F0-2A44-46CA-9319-A5F827FB13E4}
		{DBAFFCC8-1AC5-4A13-8CD8-57A3D1D4E243} = {2112D5F0-2A44-46CA-9319-A5F827FB13E4}
		{7564864B-E139-42A3-B53F-0714D118EDAE} = {2112D5F0-2A44-46CA-9319-A5F827FB13E4}
		{9DA51EF4-2DAE-40D8-92EC-CC81162669DF} = {2112D5F0-2A44-46CA-9319-A5F827FB13E4}
		{9E6A2F9C-A1F8-4D56-AF2B-CB323A841E2E} = {2112D5F0-2A44-46CA-9319-A5F827FB13E4}
		{1DDC0313-F305-4091-AD21-2B3D99BB5550} = {2112D5F0-2A44-46CA-9319-A5F827FB13E4}
		{5020EC7C-3018-4AF2-9481-8B0EFE491170} = {2112D5F0-2A44-46CA-9319-A5F827FB13E4}
		{5EBC59CA-877F-4446-8D8B-7A18B1FFD3DD} = {2112D5F0-2A44-46CA-9319-A5F827FB13E4}
		{EF4B51C0-F174-4799-9D52-8957B86BD9B9} = {2112D5F0-2A44-46CA-9319-A5F827FB13E4}
		{1F02DC50-9FBB-49AB-968A-DB4A5E09006D} = {2112D5F0-2A44-46CA-9319-A5F827FB13E4}
		{3D1B671C-1CD1-424E-BFEA-14C28B0F1938} = {2112D5F0-2A44-46CA-9319-A5F827FB13E4}
	EndGlobalSection
EndGlobal
