
Microsoft Visual Studio Solution File, Format Version 12.00
# Visual Studio 15
VisualStudioVersion = 15.0.27703.2026
MinimumVisualStudioVersion = 10.0.40219.1
Project("{FAE04EC0-301F-11D3-BF4B-00C04F79EFBC}") = "X.SharedLibs", "SharedLibs\X.SharedLibs\X.SharedLibs.csproj", "{6E375CA3-963D-4586-9A47-CBC69F4AAF89}"
EndProject
Project("{8BC9CEB8-8B4A-11D0-8D11-00A0C91BC942}") = "Microsoft.UI.Composition.Toolkit", "Microsoft.UI.Composition.Toolkit\Microsoft.UI.Composition.Toolkit.vcxproj", "{2C96EF25-8B2B-4696-9390-03A21143FB93}"
EndProject
Project("{FAE04EC0-301F-11D3-BF4B-00C04F79EFBC}") = "X.ModernDesktop", "..\X.ModernDesktop\X.ModernDesktop.csproj", "{63AD6908-2A08-40B7-B067-7402CC35A8D7}"
EndProject
Project("{2150E333-8FDC-42A3-9474-1A3956D46DE8}") = "WindowsUIDevLabs", "WindowsUIDevLabs", "{D38C6F22-2749-4412-A4D8-0A7932880128}"
EndProject
Project("{8BC9CEB8-8B4A-11D0-8D11-00A0C91BC942}") = "SamplesNative", "..\WindowsUIDevLabs\SamplesNative\SamplesNative.vcxproj", "{A140068D-DEED-4308-8C80-3BA9AFA17792}"
EndProject
Project("{FAE04EC0-301F-11D3-BF4B-00C04F79EFBC}") = "SamplesCommon", "..\WindowsUIDevLabs\SamplesCommon\SamplesCommon.csproj", "{0B6A4830-D1FF-4018-BAA2-7257EB4579FE}"
EndProject
Project("{FAE04EC0-301F-11D3-BF4B-00C04F79EFBC}") = "MaterialCreator", "..\WindowsUIDevLabs\MaterialCreator\MaterialCreator.csproj", "{13D65704-CE60-4C40-BA10-601476260AB4}"
EndProject
Project("{FAE04EC0-301F-11D3-BF4B-00C04F79EFBC}") = "SampleAStar", "SampleAStar\SampleAStar.csproj", "{2BF29AE1-FAED-4C12-B9EB-C5811782D3B7}"
EndProject
Global
	GlobalSection(SolutionConfigurationPlatforms) = preSolution
		Debug|Any CPU = Debug|Any CPU
		Debug|ARM = Debug|ARM
		Debug|x64 = Debug|x64
		Debug|x86 = Debug|x86
		Release|Any CPU = Release|Any CPU
		Release|ARM = Release|ARM
		Release|x64 = Release|x64
		Release|x86 = Release|x86
	EndGlobalSection
	GlobalSection(ProjectConfigurationPlatforms) = postSolution
		{6E375CA3-963D-4586-9A47-CBC69F4AAF89}.Debug|Any CPU.ActiveCfg = Debug|Any CPU
		{6E375CA3-963D-4586-9A47-CBC69F4AAF89}.Debug|Any CPU.Build.0 = Debug|Any CPU
		{6E375CA3-963D-4586-9A47-CBC69F4AAF89}.Debug|ARM.ActiveCfg = Debug|ARM
		{6E375CA3-963D-4586-9A47-CBC69F4AAF89}.Debug|ARM.Build.0 = Debug|ARM
		{6E375CA3-963D-4586-9A47-CBC69F4AAF89}.Debug|x64.ActiveCfg = Debug|x64
		{6E375CA3-963D-4586-9A47-CBC69F4AAF89}.Debug|x64.Build.0 = Debug|x64
		{6E375CA3-963D-4586-9A47-CBC69F4AAF89}.Debug|x86.ActiveCfg = Debug|x86
		{6E375CA3-963D-4586-9A47-CBC69F4AAF89}.Debug|x86.Build.0 = Debug|x86
		{6E375CA3-963D-4586-9A47-CBC69F4AAF89}.Release|Any CPU.ActiveCfg = Release|Any CPU
		{6E375CA3-963D-4586-9A47-CBC69F4AAF89}.Release|Any CPU.Build.0 = Release|Any CPU
		{6E375CA3-963D-4586-9A47-CBC69F4AAF89}.Release|ARM.ActiveCfg = Release|ARM
		{6E375CA3-963D-4586-9A47-CBC69F4AAF89}.Release|ARM.Build.0 = Release|ARM
		{6E375CA3-963D-4586-9A47-CBC69F4AAF89}.Release|x64.ActiveCfg = Release|x64
		{6E375CA3-963D-4586-9A47-CBC69F4AAF89}.Release|x64.Build.0 = Release|x64
		{6E375CA3-963D-4586-9A47-CBC69F4AAF89}.Release|x86.ActiveCfg = Release|x86
		{6E375CA3-963D-4586-9A47-CBC69F4AAF89}.Release|x86.Build.0 = Release|x86
		{2C96EF25-8B2B-4696-9390-03A21143FB93}.Debug|Any CPU.ActiveCfg = Debug|Win32
		{2C96EF25-8B2B-4696-9390-03A21143FB93}.Debug|ARM.ActiveCfg = Debug|Win32
		{2C96EF25-8B2B-4696-9390-03A21143FB93}.Debug|x64.ActiveCfg = Debug|x64
		{2C96EF25-8B2B-4696-9390-03A21143FB93}.Debug|x64.Build.0 = Debug|x64
		{2C96EF25-8B2B-4696-9390-03A21143FB93}.Debug|x86.ActiveCfg = Debug|Win32
		{2C96EF25-8B2B-4696-9390-03A21143FB93}.Debug|x86.Build.0 = Debug|Win32
		{2C96EF25-8B2B-4696-9390-03A21143FB93}.Release|Any CPU.ActiveCfg = Release|Win32
		{2C96EF25-8B2B-4696-9390-03A21143FB93}.Release|ARM.ActiveCfg = Release|Win32
		{2C96EF25-8B2B-4696-9390-03A21143FB93}.Release|x64.ActiveCfg = Release|x64
		{2C96EF25-8B2B-4696-9390-03A21143FB93}.Release|x64.Build.0 = Release|x64
		{2C96EF25-8B2B-4696-9390-03A21143FB93}.Release|x86.ActiveCfg = Release|Win32
		{2C96EF25-8B2B-4696-9390-03A21143FB93}.Release|x86.Build.0 = Release|Win32
		{63AD6908-2A08-40B7-B067-7402CC35A8D7}.Debug|Any CPU.ActiveCfg = Debug|x86
		{63AD6908-2A08-40B7-B067-7402CC35A8D7}.Debug|ARM.ActiveCfg = Debug|ARM
		{63AD6908-2A08-40B7-B067-7402CC35A8D7}.Debug|ARM.Build.0 = Debug|ARM
		{63AD6908-2A08-40B7-B067-7402CC35A8D7}.Debug|ARM.Deploy.0 = Debug|ARM
		{63AD6908-2A08-40B7-B067-7402CC35A8D7}.Debug|x64.ActiveCfg = Debug|x64
		{63AD6908-2A08-40B7-B067-7402CC35A8D7}.Debug|x64.Build.0 = Debug|x64
		{63AD6908-2A08-40B7-B067-7402CC35A8D7}.Debug|x64.Deploy.0 = Debug|x64
		{63AD6908-2A08-40B7-B067-7402CC35A8D7}.Debug|x86.ActiveCfg = Debug|x86
		{63AD6908-2A08-40B7-B067-7402CC35A8D7}.Debug|x86.Build.0 = Debug|x86
		{63AD6908-2A08-40B7-B067-7402CC35A8D7}.Debug|x86.Deploy.0 = Debug|x86
		{63AD6908-2A08-40B7-B067-7402CC35A8D7}.Release|Any CPU.ActiveCfg = Release|x86
		{63AD6908-2A08-40B7-B067-7402CC35A8D7}.Release|ARM.ActiveCfg = Release|ARM
		{63AD6908-2A08-40B7-B067-7402CC35A8D7}.Release|ARM.Build.0 = Release|ARM
		{63AD6908-2A08-40B7-B067-7402CC35A8D7}.Release|ARM.Deploy.0 = Release|ARM
		{63AD6908-2A08-40B7-B067-7402CC35A8D7}.Release|x64.ActiveCfg = Release|x64
		{63AD6908-2A08-40B7-B067-7402CC35A8D7}.Release|x64.Build.0 = Release|x64
		{63AD6908-2A08-40B7-B067-7402CC35A8D7}.Release|x64.Deploy.0 = Release|x64
		{63AD6908-2A08-40B7-B067-7402CC35A8D7}.Release|x86.ActiveCfg = Release|x86
		{63AD6908-2A08-40B7-B067-7402CC35A8D7}.Release|x86.Build.0 = Release|x86
		{63AD6908-2A08-40B7-B067-7402CC35A8D7}.Release|x86.Deploy.0 = Release|x86
		{A140068D-DEED-4308-8C80-3BA9AFA17792}.Debug|Any CPU.ActiveCfg = Debug|Win32
		{A140068D-DEED-4308-8C80-3BA9AFA17792}.Debug|ARM.ActiveCfg = Debug|ARM
		{A140068D-DEED-4308-8C80-3BA9AFA17792}.Debug|ARM.Build.0 = Debug|ARM
		{A140068D-DEED-4308-8C80-3BA9AFA17792}.Debug|x64.ActiveCfg = Debug|x64
		{A140068D-DEED-4308-8C80-3BA9AFA17792}.Debug|x64.Build.0 = Debug|x64
		{A140068D-DEED-4308-8C80-3BA9AFA17792}.Debug|x86.ActiveCfg = Debug|Win32
		{A140068D-DEED-4308-8C80-3BA9AFA17792}.Debug|x86.Build.0 = Debug|Win32
		{A140068D-DEED-4308-8C80-3BA9AFA17792}.Release|Any CPU.ActiveCfg = Release|Win32
		{A140068D-DEED-4308-8C80-3BA9AFA17792}.Release|ARM.ActiveCfg = Release|ARM
		{A140068D-DEED-4308-8C80-3BA9AFA17792}.Release|ARM.Build.0 = Release|ARM
		{A140068D-DEED-4308-8C80-3BA9AFA17792}.Release|x64.ActiveCfg = Release|x64
		{A140068D-DEED-4308-8C80-3BA9AFA17792}.Release|x64.Build.0 = Release|x64
		{A140068D-DEED-4308-8C80-3BA9AFA17792}.Release|x86.ActiveCfg = Release|Win32
		{A140068D-DEED-4308-8C80-3BA9AFA17792}.Release|x86.Build.0 = Release|Win32
		{0B6A4830-D1FF-4018-BAA2-7257EB4579FE}.Debug|Any CPU.ActiveCfg = Debug|Any CPU
		{0B6A4830-D1FF-4018-BAA2-7257EB4579FE}.Debug|Any CPU.Build.0 = Debug|Any CPU
		{0B6A4830-D1FF-4018-BAA2-7257EB4579FE}.Debug|ARM.ActiveCfg = Debug|ARM
		{0B6A4830-D1FF-4018-BAA2-7257EB4579FE}.Debug|ARM.Build.0 = Debug|ARM
		{0B6A4830-D1FF-4018-BAA2-7257EB4579FE}.Debug|x64.ActiveCfg = Debug|x64
		{0B6A4830-D1FF-4018-BAA2-7257EB4579FE}.Debug|x64.Build.0 = Debug|x64
		{0B6A4830-D1FF-4018-BAA2-7257EB4579FE}.Debug|x86.ActiveCfg = Debug|x86
		{0B6A4830-D1FF-4018-BAA2-7257EB4579FE}.Debug|x86.Build.0 = Debug|x86
		{0B6A4830-D1FF-4018-BAA2-7257EB4579FE}.Release|Any CPU.ActiveCfg = Release|Any CPU
		{0B6A4830-D1FF-4018-BAA2-7257EB4579FE}.Release|Any CPU.Build.0 = Release|Any CPU
		{0B6A4830-D1FF-4018-BAA2-7257EB4579FE}.Release|ARM.ActiveCfg = Release|ARM
		{0B6A4830-D1FF-4018-BAA2-7257EB4579FE}.Release|ARM.Build.0 = Release|ARM
		{0B6A4830-D1FF-4018-BAA2-7257EB4579FE}.Release|x64.ActiveCfg = Release|x64
		{0B6A4830-D1FF-4018-BAA2-7257EB4579FE}.Release|x64.Build.0 = Release|x64
		{0B6A4830-D1FF-4018-BAA2-7257EB4579FE}.Release|x86.ActiveCfg = Release|x86
		{0B6A4830-D1FF-4018-BAA2-7257EB4579FE}.Release|x86.Build.0 = Release|x86
		{13D65704-CE60-4C40-BA10-601476260AB4}.Debug|Any CPU.ActiveCfg = Debug|x86
		{13D65704-CE60-4C40-BA10-601476260AB4}.Debug|ARM.ActiveCfg = Debug|ARM
		{13D65704-CE60-4C40-BA10-601476260AB4}.Debug|ARM.Build.0 = Debug|ARM
		{13D65704-CE60-4C40-BA10-601476260AB4}.Debug|ARM.Deploy.0 = Debug|ARM
		{13D65704-CE60-4C40-BA10-601476260AB4}.Debug|x64.ActiveCfg = Debug|x64
		{13D65704-CE60-4C40-BA10-601476260AB4}.Debug|x64.Build.0 = Debug|x64
		{13D65704-CE60-4C40-BA10-601476260AB4}.Debug|x64.Deploy.0 = Debug|x64
		{13D65704-CE60-4C40-BA10-601476260AB4}.Debug|x86.ActiveCfg = Debug|x86
		{13D65704-CE60-4C40-BA10-601476260AB4}.Debug|x86.Build.0 = Debug|x86
		{13D65704-CE60-4C40-BA10-601476260AB4}.Debug|x86.Deploy.0 = Debug|x86
		{13D65704-CE60-4C40-BA10-601476260AB4}.Release|Any CPU.ActiveCfg = Release|x86
		{13D65704-CE60-4C40-BA10-601476260AB4}.Release|ARM.ActiveCfg = Release|ARM
		{13D65704-CE60-4C40-BA10-601476260AB4}.Release|ARM.Build.0 = Release|ARM
		{13D65704-CE60-4C40-BA10-601476260AB4}.Release|ARM.Deploy.0 = Release|ARM
		{13D65704-CE60-4C40-BA10-601476260AB4}.Release|x64.ActiveCfg = Release|x64
		{13D65704-CE60-4C40-BA10-601476260AB4}.Release|x64.Build.0 = Release|x64
		{13D65704-CE60-4C40-BA10-601476260AB4}.Release|x64.Deploy.0 = Release|x64
		{13D65704-CE60-4C40-BA10-601476260AB4}.Release|x86.ActiveCfg = Release|x86
		{13D65704-CE60-4C40-BA10-601476260AB4}.Release|x86.Build.0 = Release|x86
		{13D65704-CE60-4C40-BA10-601476260AB4}.Release|x86.Deploy.0 = Release|x86
		{2BF29AE1-FAED-4C12-B9EB-C5811782D3B7}.Debug|Any CPU.ActiveCfg = Debug|x86
		{2BF29AE1-FAED-4C12-B9EB-C5811782D3B7}.Debug|ARM.ActiveCfg = Debug|ARM
		{2BF29AE1-FAED-4C12-B9EB-C5811782D3B7}.Debug|ARM.Build.0 = Debug|ARM
		{2BF29AE1-FAED-4C12-B9EB-C5811782D3B7}.Debug|ARM.Deploy.0 = Debug|ARM
		{2BF29AE1-FAED-4C12-B9EB-C5811782D3B7}.Debug|x64.ActiveCfg = Debug|x64
		{2BF29AE1-FAED-4C12-B9EB-C5811782D3B7}.Debug|x64.Build.0 = Debug|x64
		{2BF29AE1-FAED-4C12-B9EB-C5811782D3B7}.Debug|x64.Deploy.0 = Debug|x64
		{2BF29AE1-FAED-4C12-B9EB-C5811782D3B7}.Debug|x86.ActiveCfg = Debug|x86
		{2BF29AE1-FAED-4C12-B9EB-C5811782D3B7}.Debug|x86.Build.0 = Debug|x86
		{2BF29AE1-FAED-4C12-B9EB-C5811782D3B7}.Debug|x86.Deploy.0 = Debug|x86
		{2BF29AE1-FAED-4C12-B9EB-C5811782D3B7}.Release|Any CPU.ActiveCfg = Release|x86
		{2BF29AE1-FAED-4C12-B9EB-C5811782D3B7}.Release|ARM.ActiveCfg = Release|ARM
		{2BF29AE1-FAED-4C12-B9EB-C5811782D3B7}.Release|ARM.Build.0 = Release|ARM
		{2BF29AE1-FAED-4C12-B9EB-C5811782D3B7}.Release|ARM.Deploy.0 = Release|ARM
		{2BF29AE1-FAED-4C12-B9EB-C5811782D3B7}.Release|x64.ActiveCfg = Release|x64
		{2BF29AE1-FAED-4C12-B9EB-C5811782D3B7}.Release|x64.Build.0 = Release|x64
		{2BF29AE1-FAED-4C12-B9EB-C5811782D3B7}.Release|x64.Deploy.0 = Release|x64
		{2BF29AE1-FAED-4C12-B9EB-C5811782D3B7}.Release|x86.ActiveCfg = Release|x86
		{2BF29AE1-FAED-4C12-B9EB-C5811782D3B7}.Release|x86.Build.0 = Release|x86
		{2BF29AE1-FAED-4C12-B9EB-C5811782D3B7}.Release|x86.Deploy.0 = Release|x86
	EndGlobalSection
	GlobalSection(SolutionProperties) = preSolution
		HideSolutionNode = FALSE
	EndGlobalSection
	GlobalSection(NestedProjects) = preSolution
		{A140068D-DEED-4308-8C80-3BA9AFA17792} = {D38C6F22-2749-4412-A4D8-0A7932880128}
		{0B6A4830-D1FF-4018-BAA2-7257EB4579FE} = {D38C6F22-2749-4412-A4D8-0A7932880128}
		{13D65704-CE60-4C40-BA10-601476260AB4} = {D38C6F22-2749-4412-A4D8-0A7932880128}
	EndGlobalSection
	GlobalSection(ExtensibilityGlobals) = postSolution
		SolutionGuid = {139ADC3A-6449-4502-B463-812B3F72C734}
	EndGlobalSection
EndGlobal
