
Microsoft Visual Studio Solution File, Format Version 12.00
# Visual Studio Version 16
VisualStudioVersion = 16.0.28407.52
MinimumVisualStudioVersion = 10.0.40219.1
Project("{FAE04EC0-301F-11D3-BF4B-00C04F79EFBC}") = "X.SharedLibs", "SharedLibs\X.SharedLibs\X.SharedLibs.csproj", "{6E375CA3-963D-4586-9A47-CBC69F4AAF89}"
EndProject
Project("{8BC9CEB8-8B4A-11D0-8D11-00A0C91BC942}") = "Microsoft.UI.Composition.Toolkit", "Microsoft.UI.Composition.Toolkit\Microsoft.UI.Composition.Toolkit.vcxproj", "{08A7D060-593A-4978-8DCC-B2029ACA7C95}"
EndProject
Project("{FAE04EC0-301F-11D3-BF4B-00C04F79EFBC}") = "X.ModernDesktop", "..\X.ModernDesktop\X.ModernDesktop.csproj", "{63AD6908-2A08-40B7-B067-7402CC35A8D7}"
EndProject
Project("{2150E333-8FDC-42A3-9474-1A3956D46DE8}") = "WindowsUIDevLabs", "WindowsUIDevLabs", "{D38C6F22-2749-4412-A4D8-0A7932880128}"
EndProject
Project("{8BC9CEB8-8B4A-11D0-8D11-00A0C91BC942}") = "SamplesNative", "..\WindowsUIDevLabs\SamplesNative\SamplesNative.vcxproj", "{A140068D-DEED-4308-8C80-3BA9AFA17792}"
EndProject
Project("{FAE04EC0-301F-11D3-BF4B-00C04F79EFBC}") = "SamplesCommon", "..\WindowsUIDevLabs\SamplesCommon\SamplesCommon.csproj", "{0B6A4830-D1FF-4018-BAA2-7257EB4579FE}"
EndProject
Project("{FAE04EC0-301F-11D3-BF4B-00C04F79EFBC}") = "MaterialCreator", "..\WindowsUIDevLabs\MaterialCreator\MaterialCreator.csproj", "{13D65704-CE60-4C40-BA10-601476260AB4}"
EndProject
Project("{FAE04EC0-301F-11D3-BF4B-00C04F79EFBC}") = "SampleAStar", "SampleAStar\SampleAStar.csproj", "{2BF29AE1-FAED-4C12-B9EB-C5811782D3B7}"
EndProject
Project("{FAE04EC0-301F-11D3-BF4B-00C04F79EFBC}") = "X.Direct", "X.Direct\X.Direct.csproj", "{43BB46B5-7307-492A-8867-9AE0B74FBDF2}"
EndProject
Project("{9A19103F-16F7-4668-BE54-9A1E7A4F7556}") = "X.SharedLibsCore", "SharedLibs\X.SharedLibsCore\X.SharedLibsCore.csproj", "{97645EA2-9971-4756-A0E4-9BA1D23FAD9E}"
EndProject
Project("{2150E333-8FDC-42A3-9474-1A3956D46DE8}") = "Solution Items", "Solution Items", "{FFB38060-A46B-4716-9329-C3ABDF685D96}"
	ProjectSection(SolutionItems) = preProject
		readme.txt = readme.txt
	EndProjectSection
EndProject
Project("{9A19103F-16F7-4668-BE54-9A1E7A4F7556}") = "X.SharedLibsCore.Migration", "SharedLibs\X.SharedLibsCore.Migration\X.SharedLibsCore.Migration.csproj", "{61E5344C-53FD-405A-919C-CA607D6F5369}"
EndProject
Project("{FAE04EC0-301F-11D3-BF4B-00C04F79EFBC}") = "X.Store.UWP", "X.Store.UWP\X.Store.UWP.csproj", "{60950C69-DB9E-47DB-BABC-CF58D32E7BBE}"
EndProject
Project("{FAE04EC0-301F-11D3-BF4B-00C04F79EFBC}") = "X.Host.UWP", "X.Host.UWP\X.Host.UWP.csproj", "{51201FB8-C5AD-4B1A-A3A2-B41010EC7AF6}"
EndProject
Project("{FAE04EC0-301F-11D3-BF4B-00C04F79EFBC}") = "X.Host.WPF", "X.Host.WPF\X.Host.WPF.csproj", "{18A5C85D-6EE3-4B6D-B8AF-50ECFD955BB9}"
EndProject
Project("{FAE04EC0-301F-11D3-BF4B-00C04F79EFBC}") = "X.Configuration", "..\X.Configuration\X.Configuration.csproj", "{D4DB1BE5-D477-46CD-974A-59A677D6C4ED}"
EndProject
Project("{FAE04EC0-301F-11D3-BF4B-00C04F79EFBC}") = "X.VisualGraph", "..\X.VisualGraph\X.VisualGraph.csproj", "{FF9ACD53-62FC-4B2E-87BC-DD6518A67DB7}"
EndProject
Project("{FAE04EC0-301F-11D3-BF4B-00C04F79EFBC}") = "X.Assets", "..\X.Assets\X.Assets.csproj", "{FDBFF87F-DE32-4373-B8C0-7401EDF97124}"
EndProject
Global
	GlobalSection(SolutionConfigurationPlatforms) = preSolution
		Debug|Any CPU = Debug|Any CPU
		Debug|ARM = Debug|ARM
		Debug|ARM64 = Debug|ARM64
		Debug|x64 = Debug|x64
		Debug|x86 = Debug|x86
		Release|Any CPU = Release|Any CPU
		Release|ARM = Release|ARM
		Release|ARM64 = Release|ARM64
		Release|x64 = Release|x64
		Release|x86 = Release|x86
	EndGlobalSection
	GlobalSection(ProjectConfigurationPlatforms) = postSolution
		{6E375CA3-963D-4586-9A47-CBC69F4AAF89}.Debug|Any CPU.ActiveCfg = Debug|Any CPU
		{6E375CA3-963D-4586-9A47-CBC69F4AAF89}.Debug|Any CPU.Build.0 = Debug|Any CPU
		{6E375CA3-963D-4586-9A47-CBC69F4AAF89}.Debug|ARM.ActiveCfg = Debug|ARM
		{6E375CA3-963D-4586-9A47-CBC69F4AAF89}.Debug|ARM.Build.0 = Debug|ARM
		{6E375CA3-963D-4586-9A47-CBC69F4AAF89}.Debug|ARM64.ActiveCfg = Debug|Any CPU
		{6E375CA3-963D-4586-9A47-CBC69F4AAF89}.Debug|ARM64.Build.0 = Debug|Any CPU
		{6E375CA3-963D-4586-9A47-CBC69F4AAF89}.Debug|x64.ActiveCfg = Debug|x64
		{6E375CA3-963D-4586-9A47-CBC69F4AAF89}.Debug|x64.Build.0 = Debug|x64
		{6E375CA3-963D-4586-9A47-CBC69F4AAF89}.Debug|x86.ActiveCfg = Debug|x86
		{6E375CA3-963D-4586-9A47-CBC69F4AAF89}.Debug|x86.Build.0 = Debug|x86
		{6E375CA3-963D-4586-9A47-CBC69F4AAF89}.Release|Any CPU.ActiveCfg = Release|Any CPU
		{6E375CA3-963D-4586-9A47-CBC69F4AAF89}.Release|Any CPU.Build.0 = Release|Any CPU
		{6E375CA3-963D-4586-9A47-CBC69F4AAF89}.Release|ARM.ActiveCfg = Release|ARM
		{6E375CA3-963D-4586-9A47-CBC69F4AAF89}.Release|ARM.Build.0 = Release|ARM
		{6E375CA3-963D-4586-9A47-CBC69F4AAF89}.Release|ARM64.ActiveCfg = Release|Any CPU
		{6E375CA3-963D-4586-9A47-CBC69F4AAF89}.Release|ARM64.Build.0 = Release|Any CPU
		{6E375CA3-963D-4586-9A47-CBC69F4AAF89}.Release|x64.ActiveCfg = Release|x64
		{6E375CA3-963D-4586-9A47-CBC69F4AAF89}.Release|x64.Build.0 = Release|x64
		{6E375CA3-963D-4586-9A47-CBC69F4AAF89}.Release|x86.ActiveCfg = Release|x86
		{6E375CA3-963D-4586-9A47-CBC69F4AAF89}.Release|x86.Build.0 = Release|x86
		{08A7D060-593A-4978-8DCC-B2029ACA7C95}.Debug|Any CPU.ActiveCfg = Debug|Win32
		{08A7D060-593A-4978-8DCC-B2029ACA7C95}.Debug|ARM.ActiveCfg = Debug|Win32
		{08A7D060-593A-4978-8DCC-B2029ACA7C95}.Debug|ARM64.ActiveCfg = Debug|Win32
		{08A7D060-593A-4978-8DCC-B2029ACA7C95}.Debug|x64.ActiveCfg = Debug|x64
		{08A7D060-593A-4978-8DCC-B2029ACA7C95}.Debug|x64.Build.0 = Debug|x64
		{08A7D060-593A-4978-8DCC-B2029ACA7C95}.Debug|x86.ActiveCfg = Debug|Win32
		{08A7D060-593A-4978-8DCC-B2029ACA7C95}.Release|Any CPU.ActiveCfg = Release|Win32
		{08A7D060-593A-4978-8DCC-B2029ACA7C95}.Release|ARM.ActiveCfg = Release|Win32
		{08A7D060-593A-4978-8DCC-B2029ACA7C95}.Release|ARM64.ActiveCfg = Release|Win32
		{08A7D060-593A-4978-8DCC-B2029ACA7C95}.Release|x64.ActiveCfg = Release|x64
		{08A7D060-593A-4978-8DCC-B2029ACA7C95}.Release|x64.Build.0 = Release|x64
		{08A7D060-593A-4978-8DCC-B2029ACA7C95}.Release|x86.ActiveCfg = Release|Win32
		{08A7D060-593A-4978-8DCC-B2029ACA7C95}.Release|x86.Build.0 = Release|Win32
		{63AD6908-2A08-40B7-B067-7402CC35A8D7}.Debug|Any CPU.ActiveCfg = Debug|x86
		{63AD6908-2A08-40B7-B067-7402CC35A8D7}.Debug|ARM.ActiveCfg = Debug|ARM
		{63AD6908-2A08-40B7-B067-7402CC35A8D7}.Debug|ARM.Build.0 = Debug|ARM
		{63AD6908-2A08-40B7-B067-7402CC35A8D7}.Debug|ARM.Deploy.0 = Debug|ARM
		{63AD6908-2A08-40B7-B067-7402CC35A8D7}.Debug|ARM64.ActiveCfg = Debug|x86
		{63AD6908-2A08-40B7-B067-7402CC35A8D7}.Debug|x64.ActiveCfg = Debug|x64
		{63AD6908-2A08-40B7-B067-7402CC35A8D7}.Debug|x64.Build.0 = Debug|x64
		{63AD6908-2A08-40B7-B067-7402CC35A8D7}.Debug|x64.Deploy.0 = Debug|x64
		{63AD6908-2A08-40B7-B067-7402CC35A8D7}.Debug|x86.ActiveCfg = Debug|x86
		{63AD6908-2A08-40B7-B067-7402CC35A8D7}.Release|Any CPU.ActiveCfg = Release|x86
		{63AD6908-2A08-40B7-B067-7402CC35A8D7}.Release|ARM.ActiveCfg = Release|ARM
		{63AD6908-2A08-40B7-B067-7402CC35A8D7}.Release|ARM.Build.0 = Release|ARM
		{63AD6908-2A08-40B7-B067-7402CC35A8D7}.Release|ARM.Deploy.0 = Release|ARM
		{63AD6908-2A08-40B7-B067-7402CC35A8D7}.Release|ARM64.ActiveCfg = Release|x86
		{63AD6908-2A08-40B7-B067-7402CC35A8D7}.Release|x64.ActiveCfg = Release|x64
		{63AD6908-2A08-40B7-B067-7402CC35A8D7}.Release|x64.Build.0 = Release|x64
		{63AD6908-2A08-40B7-B067-7402CC35A8D7}.Release|x64.Deploy.0 = Release|x64
		{63AD6908-2A08-40B7-B067-7402CC35A8D7}.Release|x86.ActiveCfg = Release|x86
		{63AD6908-2A08-40B7-B067-7402CC35A8D7}.Release|x86.Build.0 = Release|x86
		{63AD6908-2A08-40B7-B067-7402CC35A8D7}.Release|x86.Deploy.0 = Release|x86
		{A140068D-DEED-4308-8C80-3BA9AFA17792}.Debug|Any CPU.ActiveCfg = Debug|Win32
		{A140068D-DEED-4308-8C80-3BA9AFA17792}.Debug|ARM.ActiveCfg = Debug|ARM
		{A140068D-DEED-4308-8C80-3BA9AFA17792}.Debug|ARM.Build.0 = Debug|ARM
		{A140068D-DEED-4308-8C80-3BA9AFA17792}.Debug|ARM64.ActiveCfg = Debug|Win32
		{A140068D-DEED-4308-8C80-3BA9AFA17792}.Debug|x64.ActiveCfg = Debug|x64
		{A140068D-DEED-4308-8C80-3BA9AFA17792}.Debug|x64.Build.0 = Debug|x64
		{A140068D-DEED-4308-8C80-3BA9AFA17792}.Debug|x86.ActiveCfg = Debug|Win32
		{A140068D-DEED-4308-8C80-3BA9AFA17792}.Release|Any CPU.ActiveCfg = Release|Win32
		{A140068D-DEED-4308-8C80-3BA9AFA17792}.Release|ARM.ActiveCfg = Release|ARM
		{A140068D-DEED-4308-8C80-3BA9AFA17792}.Release|ARM.Build.0 = Release|ARM
		{A140068D-DEED-4308-8C80-3BA9AFA17792}.Release|ARM64.ActiveCfg = Release|Win32
		{A140068D-DEED-4308-8C80-3BA9AFA17792}.Release|x64.ActiveCfg = Release|x64
		{A140068D-DEED-4308-8C80-3BA9AFA17792}.Release|x64.Build.0 = Release|x64
		{A140068D-DEED-4308-8C80-3BA9AFA17792}.Release|x86.ActiveCfg = Release|Win32
		{A140068D-DEED-4308-8C80-3BA9AFA17792}.Release|x86.Build.0 = Release|Win32
		{0B6A4830-D1FF-4018-BAA2-7257EB4579FE}.Debug|Any CPU.ActiveCfg = Debug|Any CPU
		{0B6A4830-D1FF-4018-BAA2-7257EB4579FE}.Debug|Any CPU.Build.0 = Debug|Any CPU
		{0B6A4830-D1FF-4018-BAA2-7257EB4579FE}.Debug|ARM.ActiveCfg = Debug|ARM
		{0B6A4830-D1FF-4018-BAA2-7257EB4579FE}.Debug|ARM.Build.0 = Debug|ARM
		{0B6A4830-D1FF-4018-BAA2-7257EB4579FE}.Debug|ARM64.ActiveCfg = Debug|Any CPU
		{0B6A4830-D1FF-4018-BAA2-7257EB4579FE}.Debug|ARM64.Build.0 = Debug|Any CPU
		{0B6A4830-D1FF-4018-BAA2-7257EB4579FE}.Debug|x64.ActiveCfg = Debug|x64
		{0B6A4830-D1FF-4018-BAA2-7257EB4579FE}.Debug|x64.Build.0 = Debug|x64
		{0B6A4830-D1FF-4018-BAA2-7257EB4579FE}.Debug|x86.ActiveCfg = Debug|x86
		{0B6A4830-D1FF-4018-BAA2-7257EB4579FE}.Release|Any CPU.ActiveCfg = Release|Any CPU
		{0B6A4830-D1FF-4018-BAA2-7257EB4579FE}.Release|Any CPU.Build.0 = Release|Any CPU
		{0B6A4830-D1FF-4018-BAA2-7257EB4579FE}.Release|ARM.ActiveCfg = Release|ARM
		{0B6A4830-D1FF-4018-BAA2-7257EB4579FE}.Release|ARM.Build.0 = Release|ARM
		{0B6A4830-D1FF-4018-BAA2-7257EB4579FE}.Release|ARM64.ActiveCfg = Release|Any CPU
		{0B6A4830-D1FF-4018-BAA2-7257EB4579FE}.Release|ARM64.Build.0 = Release|Any CPU
		{0B6A4830-D1FF-4018-BAA2-7257EB4579FE}.Release|x64.ActiveCfg = Release|x64
		{0B6A4830-D1FF-4018-BAA2-7257EB4579FE}.Release|x64.Build.0 = Release|x64
		{0B6A4830-D1FF-4018-BAA2-7257EB4579FE}.Release|x86.ActiveCfg = Release|x86
		{0B6A4830-D1FF-4018-BAA2-7257EB4579FE}.Release|x86.Build.0 = Release|x86
		{13D65704-CE60-4C40-BA10-601476260AB4}.Debug|Any CPU.ActiveCfg = Debug|x86
		{13D65704-CE60-4C40-BA10-601476260AB4}.Debug|ARM.ActiveCfg = Debug|ARM
		{13D65704-CE60-4C40-BA10-601476260AB4}.Debug|ARM.Build.0 = Debug|ARM
		{13D65704-CE60-4C40-BA10-601476260AB4}.Debug|ARM.Deploy.0 = Debug|ARM
		{13D65704-CE60-4C40-BA10-601476260AB4}.Debug|ARM64.ActiveCfg = Debug|x86
		{13D65704-CE60-4C40-BA10-601476260AB4}.Debug|x64.ActiveCfg = Debug|x64
		{13D65704-CE60-4C40-BA10-601476260AB4}.Debug|x64.Build.0 = Debug|x64
		{13D65704-CE60-4C40-BA10-601476260AB4}.Debug|x64.Deploy.0 = Debug|x64
		{13D65704-CE60-4C40-BA10-601476260AB4}.Debug|x86.ActiveCfg = Debug|x86
		{13D65704-CE60-4C40-BA10-601476260AB4}.Release|Any CPU.ActiveCfg = Release|x86
		{13D65704-CE60-4C40-BA10-601476260AB4}.Release|ARM.ActiveCfg = Release|ARM
		{13D65704-CE60-4C40-BA10-601476260AB4}.Release|ARM.Build.0 = Release|ARM
		{13D65704-CE60-4C40-BA10-601476260AB4}.Release|ARM.Deploy.0 = Release|ARM
		{13D65704-CE60-4C40-BA10-601476260AB4}.Release|ARM64.ActiveCfg = Release|x86
		{13D65704-CE60-4C40-BA10-601476260AB4}.Release|x64.ActiveCfg = Release|x64
		{13D65704-CE60-4C40-BA10-601476260AB4}.Release|x64.Build.0 = Release|x64
		{13D65704-CE60-4C40-BA10-601476260AB4}.Release|x64.Deploy.0 = Release|x64
		{13D65704-CE60-4C40-BA10-601476260AB4}.Release|x86.ActiveCfg = Release|x86
		{13D65704-CE60-4C40-BA10-601476260AB4}.Release|x86.Build.0 = Release|x86
		{13D65704-CE60-4C40-BA10-601476260AB4}.Release|x86.Deploy.0 = Release|x86
		{2BF29AE1-FAED-4C12-B9EB-C5811782D3B7}.Debug|Any CPU.ActiveCfg = Debug|x86
		{2BF29AE1-FAED-4C12-B9EB-C5811782D3B7}.Debug|ARM.ActiveCfg = Debug|ARM
		{2BF29AE1-FAED-4C12-B9EB-C5811782D3B7}.Debug|ARM.Build.0 = Debug|ARM
		{2BF29AE1-FAED-4C12-B9EB-C5811782D3B7}.Debug|ARM.Deploy.0 = Debug|ARM
		{2BF29AE1-FAED-4C12-B9EB-C5811782D3B7}.Debug|ARM64.ActiveCfg = Debug|x86
		{2BF29AE1-FAED-4C12-B9EB-C5811782D3B7}.Debug|x64.ActiveCfg = Debug|x64
		{2BF29AE1-FAED-4C12-B9EB-C5811782D3B7}.Debug|x64.Build.0 = Debug|x64
		{2BF29AE1-FAED-4C12-B9EB-C5811782D3B7}.Debug|x64.Deploy.0 = Debug|x64
		{2BF29AE1-FAED-4C12-B9EB-C5811782D3B7}.Debug|x86.ActiveCfg = Debug|x86
		{2BF29AE1-FAED-4C12-B9EB-C5811782D3B7}.Release|Any CPU.ActiveCfg = Release|x86
		{2BF29AE1-FAED-4C12-B9EB-C5811782D3B7}.Release|ARM.ActiveCfg = Release|ARM
		{2BF29AE1-FAED-4C12-B9EB-C5811782D3B7}.Release|ARM.Build.0 = Release|ARM
		{2BF29AE1-FAED-4C12-B9EB-C5811782D3B7}.Release|ARM.Deploy.0 = Release|ARM
		{2BF29AE1-FAED-4C12-B9EB-C5811782D3B7}.Release|ARM64.ActiveCfg = Release|x86
		{2BF29AE1-FAED-4C12-B9EB-C5811782D3B7}.Release|x64.ActiveCfg = Release|x64
		{2BF29AE1-FAED-4C12-B9EB-C5811782D3B7}.Release|x64.Build.0 = Release|x64
		{2BF29AE1-FAED-4C12-B9EB-C5811782D3B7}.Release|x64.Deploy.0 = Release|x64
		{2BF29AE1-FAED-4C12-B9EB-C5811782D3B7}.Release|x86.ActiveCfg = Release|x86
		{2BF29AE1-FAED-4C12-B9EB-C5811782D3B7}.Release|x86.Build.0 = Release|x86
		{2BF29AE1-FAED-4C12-B9EB-C5811782D3B7}.Release|x86.Deploy.0 = Release|x86
		{43BB46B5-7307-492A-8867-9AE0B74FBDF2}.Debug|Any CPU.ActiveCfg = Debug|x86
		{43BB46B5-7307-492A-8867-9AE0B74FBDF2}.Debug|ARM.ActiveCfg = Debug|ARM
		{43BB46B5-7307-492A-8867-9AE0B74FBDF2}.Debug|ARM.Build.0 = Debug|ARM
		{43BB46B5-7307-492A-8867-9AE0B74FBDF2}.Debug|ARM.Deploy.0 = Debug|ARM
		{43BB46B5-7307-492A-8867-9AE0B74FBDF2}.Debug|ARM64.ActiveCfg = Debug|ARM64
		{43BB46B5-7307-492A-8867-9AE0B74FBDF2}.Debug|ARM64.Build.0 = Debug|ARM64
		{43BB46B5-7307-492A-8867-9AE0B74FBDF2}.Debug|ARM64.Deploy.0 = Debug|ARM64
		{43BB46B5-7307-492A-8867-9AE0B74FBDF2}.Debug|x64.ActiveCfg = Debug|x64
		{43BB46B5-7307-492A-8867-9AE0B74FBDF2}.Debug|x64.Build.0 = Debug|x64
		{43BB46B5-7307-492A-8867-9AE0B74FBDF2}.Debug|x64.Deploy.0 = Debug|x64
		{43BB46B5-7307-492A-8867-9AE0B74FBDF2}.Debug|x86.ActiveCfg = Debug|x86
		{43BB46B5-7307-492A-8867-9AE0B74FBDF2}.Release|Any CPU.ActiveCfg = Release|x86
		{43BB46B5-7307-492A-8867-9AE0B74FBDF2}.Release|ARM.ActiveCfg = Release|ARM
		{43BB46B5-7307-492A-8867-9AE0B74FBDF2}.Release|ARM.Build.0 = Release|ARM
		{43BB46B5-7307-492A-8867-9AE0B74FBDF2}.Release|ARM.Deploy.0 = Release|ARM
		{43BB46B5-7307-492A-8867-9AE0B74FBDF2}.Release|ARM64.ActiveCfg = Release|ARM64
		{43BB46B5-7307-492A-8867-9AE0B74FBDF2}.Release|ARM64.Build.0 = Release|ARM64
		{43BB46B5-7307-492A-8867-9AE0B74FBDF2}.Release|ARM64.Deploy.0 = Release|ARM64
		{43BB46B5-7307-492A-8867-9AE0B74FBDF2}.Release|x64.ActiveCfg = Release|x64
		{43BB46B5-7307-492A-8867-9AE0B74FBDF2}.Release|x64.Build.0 = Release|x64
		{43BB46B5-7307-492A-8867-9AE0B74FBDF2}.Release|x64.Deploy.0 = Release|x64
		{43BB46B5-7307-492A-8867-9AE0B74FBDF2}.Release|x86.ActiveCfg = Release|x86
		{43BB46B5-7307-492A-8867-9AE0B74FBDF2}.Release|x86.Build.0 = Release|x86
		{43BB46B5-7307-492A-8867-9AE0B74FBDF2}.Release|x86.Deploy.0 = Release|x86
		{97645EA2-9971-4756-A0E4-9BA1D23FAD9E}.Debug|Any CPU.ActiveCfg = Debug|Any CPU
		{97645EA2-9971-4756-A0E4-9BA1D23FAD9E}.Debug|Any CPU.Build.0 = Debug|Any CPU
		{97645EA2-9971-4756-A0E4-9BA1D23FAD9E}.Debug|ARM.ActiveCfg = Debug|Any CPU
		{97645EA2-9971-4756-A0E4-9BA1D23FAD9E}.Debug|ARM.Build.0 = Debug|Any CPU
		{97645EA2-9971-4756-A0E4-9BA1D23FAD9E}.Debug|ARM64.ActiveCfg = Debug|Any CPU
		{97645EA2-9971-4756-A0E4-9BA1D23FAD9E}.Debug|ARM64.Build.0 = Debug|Any CPU
		{97645EA2-9971-4756-A0E4-9BA1D23FAD9E}.Debug|x64.ActiveCfg = Debug|Any CPU
		{97645EA2-9971-4756-A0E4-9BA1D23FAD9E}.Debug|x64.Build.0 = Debug|Any CPU
		{97645EA2-9971-4756-A0E4-9BA1D23FAD9E}.Debug|x86.ActiveCfg = Debug|Any CPU
		{97645EA2-9971-4756-A0E4-9BA1D23FAD9E}.Release|Any CPU.ActiveCfg = Release|Any CPU
		{97645EA2-9971-4756-A0E4-9BA1D23FAD9E}.Release|Any CPU.Build.0 = Release|Any CPU
		{97645EA2-9971-4756-A0E4-9BA1D23FAD9E}.Release|ARM.ActiveCfg = Release|Any CPU
		{97645EA2-9971-4756-A0E4-9BA1D23FAD9E}.Release|ARM.Build.0 = Release|Any CPU
		{97645EA2-9971-4756-A0E4-9BA1D23FAD9E}.Release|ARM64.ActiveCfg = Release|Any CPU
		{97645EA2-9971-4756-A0E4-9BA1D23FAD9E}.Release|ARM64.Build.0 = Release|Any CPU
		{97645EA2-9971-4756-A0E4-9BA1D23FAD9E}.Release|x64.ActiveCfg = Release|Any CPU
		{97645EA2-9971-4756-A0E4-9BA1D23FAD9E}.Release|x64.Build.0 = Release|Any CPU
		{97645EA2-9971-4756-A0E4-9BA1D23FAD9E}.Release|x86.ActiveCfg = Release|Any CPU
		{97645EA2-9971-4756-A0E4-9BA1D23FAD9E}.Release|x86.Build.0 = Release|Any CPU
		{61E5344C-53FD-405A-919C-CA607D6F5369}.Debug|Any CPU.ActiveCfg = Debug|Any CPU
		{61E5344C-53FD-405A-919C-CA607D6F5369}.Debug|Any CPU.Build.0 = Debug|Any CPU
		{61E5344C-53FD-405A-919C-CA607D6F5369}.Debug|ARM.ActiveCfg = Debug|Any CPU
		{61E5344C-53FD-405A-919C-CA607D6F5369}.Debug|ARM.Build.0 = Debug|Any CPU
		{61E5344C-53FD-405A-919C-CA607D6F5369}.Debug|ARM64.ActiveCfg = Debug|Any CPU
		{61E5344C-53FD-405A-919C-CA607D6F5369}.Debug|ARM64.Build.0 = Debug|Any CPU
		{61E5344C-53FD-405A-919C-CA607D6F5369}.Debug|x64.ActiveCfg = Debug|Any CPU
		{61E5344C-53FD-405A-919C-CA607D6F5369}.Debug|x64.Build.0 = Debug|Any CPU
		{61E5344C-53FD-405A-919C-CA607D6F5369}.Debug|x86.ActiveCfg = Debug|Any CPU
		{61E5344C-53FD-405A-919C-CA607D6F5369}.Release|Any CPU.ActiveCfg = Release|Any CPU
		{61E5344C-53FD-405A-919C-CA607D6F5369}.Release|Any CPU.Build.0 = Release|Any CPU
		{61E5344C-53FD-405A-919C-CA607D6F5369}.Release|ARM.ActiveCfg = Release|Any CPU
		{61E5344C-53FD-405A-919C-CA607D6F5369}.Release|ARM.Build.0 = Release|Any CPU
		{61E5344C-53FD-405A-919C-CA607D6F5369}.Release|ARM64.ActiveCfg = Release|Any CPU
		{61E5344C-53FD-405A-919C-CA607D6F5369}.Release|ARM64.Build.0 = Release|Any CPU
		{61E5344C-53FD-405A-919C-CA607D6F5369}.Release|x64.ActiveCfg = Release|Any CPU
		{61E5344C-53FD-405A-919C-CA607D6F5369}.Release|x64.Build.0 = Release|Any CPU
		{61E5344C-53FD-405A-919C-CA607D6F5369}.Release|x86.ActiveCfg = Release|Any CPU
		{61E5344C-53FD-405A-919C-CA607D6F5369}.Release|x86.Build.0 = Release|Any CPU
		{60950C69-DB9E-47DB-BABC-CF58D32E7BBE}.Debug|Any CPU.ActiveCfg = Debug|Any CPU
		{60950C69-DB9E-47DB-BABC-CF58D32E7BBE}.Debug|Any CPU.Build.0 = Debug|Any CPU
		{60950C69-DB9E-47DB-BABC-CF58D32E7BBE}.Debug|ARM.ActiveCfg = Debug|ARM
		{60950C69-DB9E-47DB-BABC-CF58D32E7BBE}.Debug|ARM.Build.0 = Debug|ARM
		{60950C69-DB9E-47DB-BABC-CF58D32E7BBE}.Debug|ARM64.ActiveCfg = Debug|ARM64
		{60950C69-DB9E-47DB-BABC-CF58D32E7BBE}.Debug|ARM64.Build.0 = Debug|ARM64
		{60950C69-DB9E-47DB-BABC-CF58D32E7BBE}.Debug|x64.ActiveCfg = Debug|x64
		{60950C69-DB9E-47DB-BABC-CF58D32E7BBE}.Debug|x64.Build.0 = Debug|x64
		{60950C69-DB9E-47DB-BABC-CF58D32E7BBE}.Debug|x86.ActiveCfg = Debug|x86
		{60950C69-DB9E-47DB-BABC-CF58D32E7BBE}.Release|Any CPU.ActiveCfg = Release|Any CPU
		{60950C69-DB9E-47DB-BABC-CF58D32E7BBE}.Release|Any CPU.Build.0 = Release|Any CPU
		{60950C69-DB9E-47DB-BABC-CF58D32E7BBE}.Release|ARM.ActiveCfg = Release|ARM
		{60950C69-DB9E-47DB-BABC-CF58D32E7BBE}.Release|ARM.Build.0 = Release|ARM
		{60950C69-DB9E-47DB-BABC-CF58D32E7BBE}.Release|ARM64.ActiveCfg = Release|ARM64
		{60950C69-DB9E-47DB-BABC-CF58D32E7BBE}.Release|ARM64.Build.0 = Release|ARM64
		{60950C69-DB9E-47DB-BABC-CF58D32E7BBE}.Release|x64.ActiveCfg = Release|x64
		{60950C69-DB9E-47DB-BABC-CF58D32E7BBE}.Release|x64.Build.0 = Release|x64
		{60950C69-DB9E-47DB-BABC-CF58D32E7BBE}.Release|x86.ActiveCfg = Release|x86
		{60950C69-DB9E-47DB-BABC-CF58D32E7BBE}.Release|x86.Build.0 = Release|x86
		{51201FB8-C5AD-4B1A-A3A2-B41010EC7AF6}.Debug|Any CPU.ActiveCfg = Debug|x86
		{51201FB8-C5AD-4B1A-A3A2-B41010EC7AF6}.Debug|ARM.ActiveCfg = Debug|ARM
		{51201FB8-C5AD-4B1A-A3A2-B41010EC7AF6}.Debug|ARM.Build.0 = Debug|ARM
		{51201FB8-C5AD-4B1A-A3A2-B41010EC7AF6}.Debug|ARM.Deploy.0 = Debug|ARM
		{51201FB8-C5AD-4B1A-A3A2-B41010EC7AF6}.Debug|ARM64.ActiveCfg = Debug|ARM64
		{51201FB8-C5AD-4B1A-A3A2-B41010EC7AF6}.Debug|ARM64.Build.0 = Debug|ARM64
		{51201FB8-C5AD-4B1A-A3A2-B41010EC7AF6}.Debug|ARM64.Deploy.0 = Debug|ARM64
		{51201FB8-C5AD-4B1A-A3A2-B41010EC7AF6}.Debug|x64.ActiveCfg = Debug|x64
		{51201FB8-C5AD-4B1A-A3A2-B41010EC7AF6}.Debug|x64.Build.0 = Debug|x64
		{51201FB8-C5AD-4B1A-A3A2-B41010EC7AF6}.Debug|x64.Deploy.0 = Debug|x64
		{51201FB8-C5AD-4B1A-A3A2-B41010EC7AF6}.Debug|x86.ActiveCfg = Debug|x86
		{51201FB8-C5AD-4B1A-A3A2-B41010EC7AF6}.Release|Any CPU.ActiveCfg = Release|x86
		{51201FB8-C5AD-4B1A-A3A2-B41010EC7AF6}.Release|ARM.ActiveCfg = Release|ARM
		{51201FB8-C5AD-4B1A-A3A2-B41010EC7AF6}.Release|ARM.Build.0 = Release|ARM
		{51201FB8-C5AD-4B1A-A3A2-B41010EC7AF6}.Release|ARM.Deploy.0 = Release|ARM
		{51201FB8-C5AD-4B1A-A3A2-B41010EC7AF6}.Release|ARM64.ActiveCfg = Release|ARM64
		{51201FB8-C5AD-4B1A-A3A2-B41010EC7AF6}.Release|ARM64.Build.0 = Release|ARM64
		{51201FB8-C5AD-4B1A-A3A2-B41010EC7AF6}.Release|ARM64.Deploy.0 = Release|ARM64
		{51201FB8-C5AD-4B1A-A3A2-B41010EC7AF6}.Release|x64.ActiveCfg = Release|x64
		{51201FB8-C5AD-4B1A-A3A2-B41010EC7AF6}.Release|x64.Build.0 = Release|x64
		{51201FB8-C5AD-4B1A-A3A2-B41010EC7AF6}.Release|x64.Deploy.0 = Release|x64
		{51201FB8-C5AD-4B1A-A3A2-B41010EC7AF6}.Release|x86.ActiveCfg = Release|x86
		{51201FB8-C5AD-4B1A-A3A2-B41010EC7AF6}.Release|x86.Build.0 = Release|x86
		{51201FB8-C5AD-4B1A-A3A2-B41010EC7AF6}.Release|x86.Deploy.0 = Release|x86
		{18A5C85D-6EE3-4B6D-B8AF-50ECFD955BB9}.Debug|Any CPU.ActiveCfg = Debug|Any CPU
		{18A5C85D-6EE3-4B6D-B8AF-50ECFD955BB9}.Debug|Any CPU.Build.0 = Debug|Any CPU
		{18A5C85D-6EE3-4B6D-B8AF-50ECFD955BB9}.Debug|ARM.ActiveCfg = Debug|Any CPU
		{18A5C85D-6EE3-4B6D-B8AF-50ECFD955BB9}.Debug|ARM.Build.0 = Debug|Any CPU
		{18A5C85D-6EE3-4B6D-B8AF-50ECFD955BB9}.Debug|ARM64.ActiveCfg = Debug|Any CPU
		{18A5C85D-6EE3-4B6D-B8AF-50ECFD955BB9}.Debug|ARM64.Build.0 = Debug|Any CPU
		{18A5C85D-6EE3-4B6D-B8AF-50ECFD955BB9}.Debug|x64.ActiveCfg = Debug|Any CPU
		{18A5C85D-6EE3-4B6D-B8AF-50ECFD955BB9}.Debug|x64.Build.0 = Debug|Any CPU
		{18A5C85D-6EE3-4B6D-B8AF-50ECFD955BB9}.Debug|x86.ActiveCfg = Debug|Any CPU
		{18A5C85D-6EE3-4B6D-B8AF-50ECFD955BB9}.Release|Any CPU.ActiveCfg = Release|Any CPU
		{18A5C85D-6EE3-4B6D-B8AF-50ECFD955BB9}.Release|Any CPU.Build.0 = Release|Any CPU
		{18A5C85D-6EE3-4B6D-B8AF-50ECFD955BB9}.Release|ARM.ActiveCfg = Release|Any CPU
		{18A5C85D-6EE3-4B6D-B8AF-50ECFD955BB9}.Release|ARM.Build.0 = Release|Any CPU
		{18A5C85D-6EE3-4B6D-B8AF-50ECFD955BB9}.Release|ARM64.ActiveCfg = Release|Any CPU
		{18A5C85D-6EE3-4B6D-B8AF-50ECFD955BB9}.Release|ARM64.Build.0 = Release|Any CPU
		{18A5C85D-6EE3-4B6D-B8AF-50ECFD955BB9}.Release|x64.ActiveCfg = Release|Any CPU
		{18A5C85D-6EE3-4B6D-B8AF-50ECFD955BB9}.Release|x64.Build.0 = Release|Any CPU
		{18A5C85D-6EE3-4B6D-B8AF-50ECFD955BB9}.Release|x86.ActiveCfg = Release|Any CPU
		{18A5C85D-6EE3-4B6D-B8AF-50ECFD955BB9}.Release|x86.Build.0 = Release|Any CPU
		{D4DB1BE5-D477-46CD-974A-59A677D6C4ED}.Debug|Any CPU.ActiveCfg = Debug|x86
		{D4DB1BE5-D477-46CD-974A-59A677D6C4ED}.Debug|ARM.ActiveCfg = Debug|ARM
		{D4DB1BE5-D477-46CD-974A-59A677D6C4ED}.Debug|ARM.Build.0 = Debug|ARM
		{D4DB1BE5-D477-46CD-974A-59A677D6C4ED}.Debug|ARM.Deploy.0 = Debug|ARM
		{D4DB1BE5-D477-46CD-974A-59A677D6C4ED}.Debug|ARM64.ActiveCfg = Debug|ARM64
		{D4DB1BE5-D477-46CD-974A-59A677D6C4ED}.Debug|ARM64.Build.0 = Debug|ARM64
		{D4DB1BE5-D477-46CD-974A-59A677D6C4ED}.Debug|ARM64.Deploy.0 = Debug|ARM64
		{D4DB1BE5-D477-46CD-974A-59A677D6C4ED}.Debug|x64.ActiveCfg = Debug|x64
		{D4DB1BE5-D477-46CD-974A-59A677D6C4ED}.Debug|x64.Build.0 = Debug|x64
		{D4DB1BE5-D477-46CD-974A-59A677D6C4ED}.Debug|x64.Deploy.0 = Debug|x64
		{D4DB1BE5-D477-46CD-974A-59A677D6C4ED}.Debug|x86.ActiveCfg = Release|x86
		{D4DB1BE5-D477-46CD-974A-59A677D6C4ED}.Debug|x86.Build.0 = Release|x86
		{D4DB1BE5-D477-46CD-974A-59A677D6C4ED}.Debug|x86.Deploy.0 = Release|x86
		{D4DB1BE5-D477-46CD-974A-59A677D6C4ED}.Release|Any CPU.ActiveCfg = Release|x86
		{D4DB1BE5-D477-46CD-974A-59A677D6C4ED}.Release|ARM.ActiveCfg = Release|ARM
		{D4DB1BE5-D477-46CD-974A-59A677D6C4ED}.Release|ARM.Build.0 = Release|ARM
		{D4DB1BE5-D477-46CD-974A-59A677D6C4ED}.Release|ARM.Deploy.0 = Release|ARM
		{D4DB1BE5-D477-46CD-974A-59A677D6C4ED}.Release|ARM64.ActiveCfg = Release|ARM64
		{D4DB1BE5-D477-46CD-974A-59A677D6C4ED}.Release|ARM64.Build.0 = Release|ARM64
		{D4DB1BE5-D477-46CD-974A-59A677D6C4ED}.Release|ARM64.Deploy.0 = Release|ARM64
		{D4DB1BE5-D477-46CD-974A-59A677D6C4ED}.Release|x64.ActiveCfg = Release|x64
		{D4DB1BE5-D477-46CD-974A-59A677D6C4ED}.Release|x64.Build.0 = Release|x64
		{D4DB1BE5-D477-46CD-974A-59A677D6C4ED}.Release|x64.Deploy.0 = Release|x64
		{D4DB1BE5-D477-46CD-974A-59A677D6C4ED}.Release|x86.ActiveCfg = Release|x86
		{D4DB1BE5-D477-46CD-974A-59A677D6C4ED}.Release|x86.Build.0 = Release|x86
		{D4DB1BE5-D477-46CD-974A-59A677D6C4ED}.Release|x86.Deploy.0 = Release|x86
		{FF9ACD53-62FC-4B2E-87BC-DD6518A67DB7}.Debug|Any CPU.ActiveCfg = Debug|x86
		{FF9ACD53-62FC-4B2E-87BC-DD6518A67DB7}.Debug|ARM.ActiveCfg = Debug|ARM
		{FF9ACD53-62FC-4B2E-87BC-DD6518A67DB7}.Debug|ARM.Build.0 = Debug|ARM
		{FF9ACD53-62FC-4B2E-87BC-DD6518A67DB7}.Debug|ARM.Deploy.0 = Debug|ARM
		{FF9ACD53-62FC-4B2E-87BC-DD6518A67DB7}.Debug|ARM64.ActiveCfg = Debug|ARM64
		{FF9ACD53-62FC-4B2E-87BC-DD6518A67DB7}.Debug|ARM64.Build.0 = Debug|ARM64
		{FF9ACD53-62FC-4B2E-87BC-DD6518A67DB7}.Debug|ARM64.Deploy.0 = Debug|ARM64
		{FF9ACD53-62FC-4B2E-87BC-DD6518A67DB7}.Debug|x64.ActiveCfg = Debug|x64
		{FF9ACD53-62FC-4B2E-87BC-DD6518A67DB7}.Debug|x64.Build.0 = Debug|x64
		{FF9ACD53-62FC-4B2E-87BC-DD6518A67DB7}.Debug|x64.Deploy.0 = Debug|x64
		{FF9ACD53-62FC-4B2E-87BC-DD6518A67DB7}.Debug|x86.ActiveCfg = Debug|x86
		{FF9ACD53-62FC-4B2E-87BC-DD6518A67DB7}.Debug|x86.Build.0 = Debug|x86
		{FF9ACD53-62FC-4B2E-87BC-DD6518A67DB7}.Debug|x86.Deploy.0 = Debug|x86
		{FF9ACD53-62FC-4B2E-87BC-DD6518A67DB7}.Release|Any CPU.ActiveCfg = Release|x86
		{FF9ACD53-62FC-4B2E-87BC-DD6518A67DB7}.Release|ARM.ActiveCfg = Release|ARM
		{FF9ACD53-62FC-4B2E-87BC-DD6518A67DB7}.Release|ARM.Build.0 = Release|ARM
		{FF9ACD53-62FC-4B2E-87BC-DD6518A67DB7}.Release|ARM.Deploy.0 = Release|ARM
		{FF9ACD53-62FC-4B2E-87BC-DD6518A67DB7}.Release|ARM64.ActiveCfg = Release|ARM64
		{FF9ACD53-62FC-4B2E-87BC-DD6518A67DB7}.Release|ARM64.Build.0 = Release|ARM64
		{FF9ACD53-62FC-4B2E-87BC-DD6518A67DB7}.Release|ARM64.Deploy.0 = Release|ARM64
		{FF9ACD53-62FC-4B2E-87BC-DD6518A67DB7}.Release|x64.ActiveCfg = Release|x64
		{FF9ACD53-62FC-4B2E-87BC-DD6518A67DB7}.Release|x64.Build.0 = Release|x64
		{FF9ACD53-62FC-4B2E-87BC-DD6518A67DB7}.Release|x64.Deploy.0 = Release|x64
		{FF9ACD53-62FC-4B2E-87BC-DD6518A67DB7}.Release|x86.ActiveCfg = Release|x86
		{FF9ACD53-62FC-4B2E-87BC-DD6518A67DB7}.Release|x86.Build.0 = Release|x86
		{FF9ACD53-62FC-4B2E-87BC-DD6518A67DB7}.Release|x86.Deploy.0 = Release|x86
		{FDBFF87F-DE32-4373-B8C0-7401EDF97124}.Debug|Any CPU.ActiveCfg = Debug|x86
		{FDBFF87F-DE32-4373-B8C0-7401EDF97124}.Debug|ARM.ActiveCfg = Debug|ARM
		{FDBFF87F-DE32-4373-B8C0-7401EDF97124}.Debug|ARM.Build.0 = Debug|ARM
		{FDBFF87F-DE32-4373-B8C0-7401EDF97124}.Debug|ARM.Deploy.0 = Debug|ARM
		{FDBFF87F-DE32-4373-B8C0-7401EDF97124}.Debug|ARM64.ActiveCfg = Debug|ARM64
		{FDBFF87F-DE32-4373-B8C0-7401EDF97124}.Debug|ARM64.Build.0 = Debug|ARM64
		{FDBFF87F-DE32-4373-B8C0-7401EDF97124}.Debug|ARM64.Deploy.0 = Debug|ARM64
		{FDBFF87F-DE32-4373-B8C0-7401EDF97124}.Debug|x64.ActiveCfg = Debug|x64
		{FDBFF87F-DE32-4373-B8C0-7401EDF97124}.Debug|x64.Build.0 = Debug|x64
		{FDBFF87F-DE32-4373-B8C0-7401EDF97124}.Debug|x64.Deploy.0 = Debug|x64
		{FDBFF87F-DE32-4373-B8C0-7401EDF97124}.Debug|x86.ActiveCfg = Debug|x86
		{FDBFF87F-DE32-4373-B8C0-7401EDF97124}.Debug|x86.Build.0 = Debug|x86
		{FDBFF87F-DE32-4373-B8C0-7401EDF97124}.Debug|x86.Deploy.0 = Debug|x86
		{FDBFF87F-DE32-4373-B8C0-7401EDF97124}.Release|Any CPU.ActiveCfg = Release|x86
		{FDBFF87F-DE32-4373-B8C0-7401EDF97124}.Release|ARM.ActiveCfg = Release|ARM
		{FDBFF87F-DE32-4373-B8C0-7401EDF97124}.Release|ARM.Build.0 = Release|ARM
		{FDBFF87F-DE32-4373-B8C0-7401EDF97124}.Release|ARM.Deploy.0 = Release|ARM
		{FDBFF87F-DE32-4373-B8C0-7401EDF97124}.Release|ARM64.ActiveCfg = Release|ARM64
		{FDBFF87F-DE32-4373-B8C0-7401EDF97124}.Release|ARM64.Build.0 = Release|ARM64
		{FDBFF87F-DE32-4373-B8C0-7401EDF97124}.Release|ARM64.Deploy.0 = Release|ARM64
		{FDBFF87F-DE32-4373-B8C0-7401EDF97124}.Release|x64.ActiveCfg = Release|x64
		{FDBFF87F-DE32-4373-B8C0-7401EDF97124}.Release|x64.Build.0 = Release|x64
		{FDBFF87F-DE32-4373-B8C0-7401EDF97124}.Release|x64.Deploy.0 = Release|x64
		{FDBFF87F-DE32-4373-B8C0-7401EDF97124}.Release|x86.ActiveCfg = Release|x86
		{FDBFF87F-DE32-4373-B8C0-7401EDF97124}.Release|x86.Build.0 = Release|x86
		{FDBFF87F-DE32-4373-B8C0-7401EDF97124}.Release|x86.Deploy.0 = Release|x86
	EndGlobalSection
	GlobalSection(SolutionProperties) = preSolution
		HideSolutionNode = FALSE
	EndGlobalSection
	GlobalSection(NestedProjects) = preSolution
		{A140068D-DEED-4308-8C80-3BA9AFA17792} = {D38C6F22-2749-4412-A4D8-0A7932880128}
		{0B6A4830-D1FF-4018-BAA2-7257EB4579FE} = {D38C6F22-2749-4412-A4D8-0A7932880128}
		{13D65704-CE60-4C40-BA10-601476260AB4} = {D38C6F22-2749-4412-A4D8-0A7932880128}
	EndGlobalSection
	GlobalSection(ExtensibilityGlobals) = postSolution
		SolutionGuid = {139ADC3A-6449-4502-B463-812B3F72C734}
	EndGlobalSection
EndGlobal
